// !$*UTF8*$!
{
	archiveVersion = 1;
	classes = {
	};
	objectVersion = 56;
	objects = {

/* Begin PBXBuildFile section */
		84038A7129312E220021A51D /* CardModifier.swift in Sources */ = {isa = PBXBuildFile; fileRef = 84038A7029312E220021A51D /* CardModifier.swift */; };
		84038A732931ED080021A51D /* MonospacedIconAndTitleLabelStyle.swift in Sources */ = {isa = PBXBuildFile; fileRef = 84038A722931ED080021A51D /* MonospacedIconAndTitleLabelStyle.swift */; };
		84038A752931F60B0021A51D /* ChipModifier.swift in Sources */ = {isa = PBXBuildFile; fileRef = 84038A742931F60B0021A51D /* ChipModifier.swift */; };
		84038A772931FBC00021A51D /* MonospacedIconOnlyLabelStyle.swift in Sources */ = {isa = PBXBuildFile; fileRef = 84038A762931FBC00021A51D /* MonospacedIconOnlyLabelStyle.swift */; };
		84038A792931FD410021A51D /* SimpleChip.swift in Sources */ = {isa = PBXBuildFile; fileRef = 84038A782931FD410021A51D /* SimpleChip.swift */; };
		84038A7B293202100021A51D /* FlexHStack.swift in Sources */ = {isa = PBXBuildFile; fileRef = 84038A7A293202100021A51D /* FlexHStack.swift */; };
		84038A7D29321CBB0021A51D /* Wiki+Derived.swift in Sources */ = {isa = PBXBuildFile; fileRef = 84038A7C29321CBB0021A51D /* Wiki+Derived.swift */; };
		84038A7F2932586C0021A51D /* UserDetailsView.swift in Sources */ = {isa = PBXBuildFile; fileRef = 84038A7E2932586C0021A51D /* UserDetailsView.swift */; };
		84038A8129325C1F0021A51D /* User+Derived.swift in Sources */ = {isa = PBXBuildFile; fileRef = 84038A8029325C1F0021A51D /* User+Derived.swift */; };
		84038A8529327EF10021A51D /* StatisticsGrid.swift in Sources */ = {isa = PBXBuildFile; fileRef = 84038A8429327EF10021A51D /* StatisticsGrid.swift */; };
		8409A4CA292BA98B00056467 /* UserListView.swift in Sources */ = {isa = PBXBuildFile; fileRef = 8409A4C9292BA98B00056467 /* UserListView.swift */; };
		8409A4CC292BAA3400056467 /* UserBriefView.swift in Sources */ = {isa = PBXBuildFile; fileRef = 8409A4CB292BAA3400056467 /* UserBriefView.swift */; };
		8409A4CF292CF4DD00056467 /* WikiListView.swift in Sources */ = {isa = PBXBuildFile; fileRef = 8409A4CE292CF4DD00056467 /* WikiListView.swift */; };
		8409A4D1292CFB7C00056467 /* AddWikiView.swift in Sources */ = {isa = PBXBuildFile; fileRef = 8409A4D0292CFB7C00056467 /* AddWikiView.swift */; };
		8409A4D3292FCD3700056467 /* WikiDetailsView.swift in Sources */ = {isa = PBXBuildFile; fileRef = 8409A4D2292FCD3700056467 /* WikiDetailsView.swift */; };
		8409A4D82930E97A00056467 /* TitleUnderIconLabelStyle.swift in Sources */ = {isa = PBXBuildFile; fileRef = 8409A4D72930E97A00056467 /* TitleUnderIconLabelStyle.swift */; };
		84304A28288430FD00018ABD /* OnboardingView.swift in Sources */ = {isa = PBXBuildFile; fileRef = 84304A27288430FD00018ABD /* OnboardingView.swift */; };
		84304A2A28844CB200018ABD /* EqualWidthHStack.swift in Sources */ = {isa = PBXBuildFile; fileRef = 84304A2928844CB200018ABD /* EqualWidthHStack.swift */; };
		84304A2E288465F800018ABD /* ThemedButton.swift in Sources */ = {isa = PBXBuildFile; fileRef = 84304A2D288465F800018ABD /* ThemedButton.swift */; };
		844E658C2954969F000FA634 /* StoreKit.framework in Frameworks */ = {isa = PBXBuildFile; fileRef = 844E658B2954969F000FA634 /* StoreKit.framework */; };
		8466A54F2971BB2300CD0A1A /* AlternateAppIcons.xcassets in Resources */ = {isa = PBXBuildFile; fileRef = 8466A54E2971BB2300CD0A1A /* AlternateAppIcons.xcassets */; platformFilter = ios; };
		8466A55129727A4500CD0A1A /* AppIconSelector.swift in Sources */ = {isa = PBXBuildFile; fileRef = 8466A55029727A4500CD0A1A /* AppIconSelector.swift */; platformFilter = ios; };
		8466A5542973E93500CD0A1A /* InfoPlist.strings in Resources */ = {isa = PBXBuildFile; fileRef = 8466A5562973E93500CD0A1A /* InfoPlist.strings */; };
		8466A5642973EA9300CD0A1A /* Widget.intentdefinition in Sources */ = {isa = PBXBuildFile; fileRef = 8466A5632973EA9300CD0A1A /* Widget.intentdefinition */; };
		8466A5652973EA9300CD0A1A /* Widget.intentdefinition in Sources */ = {isa = PBXBuildFile; fileRef = 8466A5632973EA9300CD0A1A /* Widget.intentdefinition */; };
		8466A5662973EA9300CD0A1A /* Widget.intentdefinition in Sources */ = {isa = PBXBuildFile; fileRef = 8466A5632973EA9300CD0A1A /* Widget.intentdefinition */; };
		8466A5672973EA9300CD0A1A /* Widget.intentdefinition in Sources */ = {isa = PBXBuildFile; fileRef = 8466A5632973EA9300CD0A1A /* Widget.intentdefinition */; };
		8466A5682973EA9300CD0A1A /* Widget.intentdefinition in Sources */ = {isa = PBXBuildFile; fileRef = 8466A5632973EA9300CD0A1A /* Widget.intentdefinition */; };
		8466A5702973EB4900CD0A1A /* Widget.strings in Resources */ = {isa = PBXBuildFile; fileRef = 8466A5762973EB4900CD0A1A /* Widget.strings */; };
		8466A5712973EB4900CD0A1A /* Widget.strings in Resources */ = {isa = PBXBuildFile; fileRef = 8466A5762973EB4900CD0A1A /* Widget.strings */; };
		8466A5722973EB4900CD0A1A /* Widget.strings in Resources */ = {isa = PBXBuildFile; fileRef = 8466A5762973EB4900CD0A1A /* Widget.strings */; };
		8466A5732973EB4900CD0A1A /* Widget.strings in Resources */ = {isa = PBXBuildFile; fileRef = 8466A5762973EB4900CD0A1A /* Widget.strings */; };
		8466A5742973EB4900CD0A1A /* Widget.strings in Resources */ = {isa = PBXBuildFile; fileRef = 8466A5762973EB4900CD0A1A /* Widget.strings */; };
		846F7E972878700A0087E40B /* ContributionsCell.swift in Sources */ = {isa = PBXBuildFile; fileRef = 846F7E962878700A0087E40B /* ContributionsCell.swift */; };
		846F7E9928787D4C0087E40B /* User+Request.swift in Sources */ = {isa = PBXBuildFile; fileRef = 846F7E9828787D4C0087E40B /* User+Request.swift */; };
		846F7E9D287899C30087E40B /* ISO8601DateFormatter.swift in Sources */ = {isa = PBXBuildFile; fileRef = 846F7E9C287899C30087E40B /* ISO8601DateFormatter.swift */; };
		846F7EA12879AF4D0087E40B /* PersistenceEnvironmentKey.swift in Sources */ = {isa = PBXBuildFile; fileRef = 846F7EA02879AF4D0087E40B /* PersistenceEnvironmentKey.swift */; };
		846F7EA3287A80E70087E40B /* Wiki+Request.swift in Sources */ = {isa = PBXBuildFile; fileRef = 846F7EA2287A80E70087E40B /* Wiki+Request.swift */; };
		846F7EA6287AC48A0087E40B /* ContributionsMatrix.swift in Sources */ = {isa = PBXBuildFile; fileRef = 846F7EA5287AC48A0087E40B /* ContributionsMatrix.swift */; };
		846F7EAA287ACBD80087E40B /* Modifiers.swift in Sources */ = {isa = PBXBuildFile; fileRef = 846F7EA9287ACBD80087E40B /* Modifiers.swift */; };
		846F7EAC287AD45E0087E40B /* BriefCard.swift in Sources */ = {isa = PBXBuildFile; fileRef = 846F7EAB287AD45E0087E40B /* BriefCard.swift */; };
		84779FD829434E5E00424B97 /* PersistentContainer.swift in Sources */ = {isa = PBXBuildFile; fileRef = 84779FD729434E5E00424B97 /* PersistentContainer.swift */; };
		84779FDB2943B06F00424B97 /* SettingsView.swift in Sources */ = {isa = PBXBuildFile; fileRef = 84779FDA2943B06F00424B97 /* SettingsView.swift */; platformFilters = (macos, ); };
		84779FDD294460DC00424B97 /* ModificationSizeChart.swift in Sources */ = {isa = PBXBuildFile; fileRef = 84779FDC294460DC00424B97 /* ModificationSizeChart.swift */; };
		847BD48029695BFE008D48B1 /* WidgetKit.framework in Frameworks */ = {isa = PBXBuildFile; fileRef = 847BD47F29695BFE008D48B1 /* WidgetKit.framework */; };
		847BD48229695BFE008D48B1 /* SwiftUI.framework in Frameworks */ = {isa = PBXBuildFile; fileRef = 847BD48129695BFE008D48B1 /* SwiftUI.framework */; };
		847BD48529695BFE008D48B1 /* WikistWidgetBundle.swift in Sources */ = {isa = PBXBuildFile; fileRef = 847BD48429695BFE008D48B1 /* WikistWidgetBundle.swift */; };
		847BD48729695BFE008D48B1 /* ContributionsMatrixWidget.swift in Sources */ = {isa = PBXBuildFile; fileRef = 847BD48629695BFE008D48B1 /* ContributionsMatrixWidget.swift */; };
		847BD49029695BFF008D48B1 /* WidgetExtension iOS.appex in Embed Foundation Extensions */ = {isa = PBXBuildFile; fileRef = 847BD47E29695BFE008D48B1 /* WidgetExtension iOS.appex */; platformFilter = ios; settings = {ATTRIBUTES = (RemoveHeadersOnCopy, ); }; };
		847BD49729695C66008D48B1 /* Assets.xcassets in Resources */ = {isa = PBXBuildFile; fileRef = 84FEFD5A285F539200BCC3AD /* Assets.xcassets */; };
		847BD49A29695DD0008D48B1 /* Persistence.swift in Sources */ = {isa = PBXBuildFile; fileRef = 84FEFD53285F539000BCC3AD /* Persistence.swift */; };
		847BD49B29695DD9008D48B1 /* PersistentContainer.swift in Sources */ = {isa = PBXBuildFile; fileRef = 84779FD729434E5E00424B97 /* PersistentContainer.swift */; };
		847BD49E29695DEA008D48B1 /* User+Task.swift in Sources */ = {isa = PBXBuildFile; fileRef = 84F4F2932871373C0091461D /* User+Task.swift */; };
		847BD4A129695E02008D48B1 /* Wikist.xcdatamodeld in Sources */ = {isa = PBXBuildFile; fileRef = 84FEFD55285F539000BCC3AD /* Wikist.xcdatamodeld */; };
		847BD4A229695E3A008D48B1 /* Wiki+Task.swift in Sources */ = {isa = PBXBuildFile; fileRef = 84F50EFC28702CFE000BCC10 /* Wiki+Task.swift */; };
		847BD4A329695E3D008D48B1 /* Wiki+Request.swift in Sources */ = {isa = PBXBuildFile; fileRef = 846F7EA2287A80E70087E40B /* Wiki+Request.swift */; };
		847BD4A429696082008D48B1 /* ContributionsCell.swift in Sources */ = {isa = PBXBuildFile; fileRef = 846F7E962878700A0087E40B /* ContributionsCell.swift */; };
		847BD4A529696084008D48B1 /* ContributionsMatrix.swift in Sources */ = {isa = PBXBuildFile; fileRef = 846F7EA5287AC48A0087E40B /* ContributionsMatrix.swift */; };
		847BD4A62969653F008D48B1 /* User+Derived.swift in Sources */ = {isa = PBXBuildFile; fileRef = 84038A8029325C1F0021A51D /* User+Derived.swift */; };
		847BD4A72969679A008D48B1 /* Localizable.strings in Resources */ = {isa = PBXBuildFile; fileRef = 84F4A67A2961E539001809EC /* Localizable.strings */; };
		847BD4A829696BEC008D48B1 /* ISO8601DateFormatter.swift in Sources */ = {isa = PBXBuildFile; fileRef = 846F7E9C287899C30087E40B /* ISO8601DateFormatter.swift */; };
		847BD4A929697227008D48B1 /* FileManager.swift in Sources */ = {isa = PBXBuildFile; fileRef = 84ED9C8128707C200089221F /* FileManager.swift */; };
		847BD4AC296977DB008D48B1 /* URLResponse.swift in Sources */ = {isa = PBXBuildFile; fileRef = 84ED9C7F287044650089221F /* URLResponse.swift */; };
		847BD4AD296977ED008D48B1 /* URL.swift in Sources */ = {isa = PBXBuildFile; fileRef = 84ED9C7D2870437B0089221F /* URL.swift */; };
		847BD4AE29697823008D48B1 /* Modifiers.swift in Sources */ = {isa = PBXBuildFile; fileRef = 846F7EA9287ACBD80087E40B /* Modifiers.swift */; };
		847BD4AF2969783E008D48B1 /* Calendar.swift in Sources */ = {isa = PBXBuildFile; fileRef = 847F47152880610A00705500 /* Calendar.swift */; };
		847BD4B029697854008D48B1 /* Wiki+Derived.swift in Sources */ = {isa = PBXBuildFile; fileRef = 84038A7C29321CBB0021A51D /* Wiki+Derived.swift */; };
		847BD4B12969785D008D48B1 /* WikiNamespace.swift in Sources */ = {isa = PBXBuildFile; fileRef = 84F4A67E2962A5E4001809EC /* WikiNamespace.swift */; };
		847BD4B329697884008D48B1 /* WikiAuxiliary+Initializer.swift in Sources */ = {isa = PBXBuildFile; fileRef = 84F4A67C29627C58001809EC /* WikiAuxiliary+Initializer.swift */; };
		847BD4B42969B74E008D48B1 /* WikiAuxiliary+Derived.swift in Sources */ = {isa = PBXBuildFile; fileRef = 84F4A6802962C094001809EC /* WikiAuxiliary+Derived.swift */; };
		847BD4BE2969B84A008D48B1 /* Intents.framework in Frameworks */ = {isa = PBXBuildFile; fileRef = 847BD4BD2969B84A008D48B1 /* Intents.framework */; };
		847BD4C12969B84B008D48B1 /* IntentHandler.swift in Sources */ = {isa = PBXBuildFile; fileRef = 847BD4C02969B84B008D48B1 /* IntentHandler.swift */; };
		847BD4C52969B84B008D48B1 /* WidgetConfiguration iOS.appex in Embed Foundation Extensions */ = {isa = PBXBuildFile; fileRef = 847BD4BC2969B84A008D48B1 /* WidgetConfiguration iOS.appex */; platformFilter = ios; settings = {ATTRIBUTES = (RemoveHeadersOnCopy, ); }; };
		847BD4CC2969B8FA008D48B1 /* Wikist.xcdatamodeld in Sources */ = {isa = PBXBuildFile; fileRef = 84FEFD55285F539000BCC3AD /* Wikist.xcdatamodeld */; };
		847BD4CD2969B8FD008D48B1 /* Persistence.swift in Sources */ = {isa = PBXBuildFile; fileRef = 84FEFD53285F539000BCC3AD /* Persistence.swift */; };
		847BD4CE2969B90A008D48B1 /* PersistentContainer.swift in Sources */ = {isa = PBXBuildFile; fileRef = 84779FD729434E5E00424B97 /* PersistentContainer.swift */; };
		847BD4CF2969B910008D48B1 /* FileManager.swift in Sources */ = {isa = PBXBuildFile; fileRef = 84ED9C8128707C200089221F /* FileManager.swift */; };
		847BD4D12969B95B008D48B1 /* Persistence+Task.swift in Sources */ = {isa = PBXBuildFile; fileRef = 847BD4D02969B95B008D48B1 /* Persistence+Task.swift */; };
		847BD4D42969B9F3008D48B1 /* Persistence+Preview.swift in Sources */ = {isa = PBXBuildFile; fileRef = 847BD4D32969B9F3008D48B1 /* Persistence+Preview.swift */; };
		847BD4D72969BD2B008D48B1 /* Image.swift in Sources */ = {isa = PBXBuildFile; fileRef = 847BD4D62969BD2B008D48B1 /* Image.swift */; };
		847BD4D82969BD2B008D48B1 /* Image.swift in Sources */ = {isa = PBXBuildFile; fileRef = 847BD4D62969BD2B008D48B1 /* Image.swift */; };
		847BD4DE2969C6A9008D48B1 /* WidgetKit.framework in Frameworks */ = {isa = PBXBuildFile; fileRef = 847BD47F29695BFE008D48B1 /* WidgetKit.framework */; };
		847BD4DF2969C6A9008D48B1 /* SwiftUI.framework in Frameworks */ = {isa = PBXBuildFile; fileRef = 847BD48129695BFE008D48B1 /* SwiftUI.framework */; };
		847BD4EC2969C6A9008D48B1 /* WidgetExtension macOS.appex in Embed Foundation Extensions */ = {isa = PBXBuildFile; fileRef = 847BD4DD2969C6A8008D48B1 /* WidgetExtension macOS.appex */; platformFilters = (macos, ); settings = {ATTRIBUTES = (RemoveHeadersOnCopy, ); }; };
		847BD4F22969C74F008D48B1 /* ContributionsMatrixWidget.swift in Sources */ = {isa = PBXBuildFile; fileRef = 847BD48629695BFE008D48B1 /* ContributionsMatrixWidget.swift */; };
		847BD4F32969C752008D48B1 /* WikistWidgetBundle.swift in Sources */ = {isa = PBXBuildFile; fileRef = 847BD48429695BFE008D48B1 /* WikistWidgetBundle.swift */; };
		847BD4FA2969C786008D48B1 /* Intents.framework in Frameworks */ = {isa = PBXBuildFile; fileRef = 847BD4BD2969B84A008D48B1 /* Intents.framework */; };
		847BD5022969C786008D48B1 /* WidgetConfiguration macOS.appex in Embed Foundation Extensions */ = {isa = PBXBuildFile; fileRef = 847BD4F92969C786008D48B1 /* WidgetConfiguration macOS.appex */; platformFilters = (macos, ); settings = {ATTRIBUTES = (RemoveHeadersOnCopy, ); }; };
		847BD5062969C7ED008D48B1 /* IntentHandler.swift in Sources */ = {isa = PBXBuildFile; fileRef = 847BD4C02969B84B008D48B1 /* IntentHandler.swift */; };
		847BD5082969C857008D48B1 /* Persistence.swift in Sources */ = {isa = PBXBuildFile; fileRef = 84FEFD53285F539000BCC3AD /* Persistence.swift */; };
		847BD5092969C858008D48B1 /* Persistence.swift in Sources */ = {isa = PBXBuildFile; fileRef = 84FEFD53285F539000BCC3AD /* Persistence.swift */; };
		847BD50A2969C85D008D48B1 /* PersistentContainer.swift in Sources */ = {isa = PBXBuildFile; fileRef = 84779FD729434E5E00424B97 /* PersistentContainer.swift */; };
		847BD50B2969C85D008D48B1 /* PersistentContainer.swift in Sources */ = {isa = PBXBuildFile; fileRef = 84779FD729434E5E00424B97 /* PersistentContainer.swift */; };
		847BD50C2969C868008D48B1 /* User+Derived.swift in Sources */ = {isa = PBXBuildFile; fileRef = 84038A8029325C1F0021A51D /* User+Derived.swift */; };
		847BD50E2969C87D008D48B1 /* User+Task.swift in Sources */ = {isa = PBXBuildFile; fileRef = 84F4F2932871373C0091461D /* User+Task.swift */; };
		847BD50F2969C884008D48B1 /* Wiki+Derived.swift in Sources */ = {isa = PBXBuildFile; fileRef = 84038A7C29321CBB0021A51D /* Wiki+Derived.swift */; };
		847BD5102969C891008D48B1 /* Wiki+Request.swift in Sources */ = {isa = PBXBuildFile; fileRef = 846F7EA2287A80E70087E40B /* Wiki+Request.swift */; };
		847BD5112969C897008D48B1 /* Wiki+Task.swift in Sources */ = {isa = PBXBuildFile; fileRef = 84F50EFC28702CFE000BCC10 /* Wiki+Task.swift */; };
		847BD5122969C89A008D48B1 /* WikiAuxiliary+Derived.swift in Sources */ = {isa = PBXBuildFile; fileRef = 84F4A6802962C094001809EC /* WikiAuxiliary+Derived.swift */; };
		847BD5132969C89D008D48B1 /* WikiAuxiliary+Initializer.swift in Sources */ = {isa = PBXBuildFile; fileRef = 84F4A67C29627C58001809EC /* WikiAuxiliary+Initializer.swift */; };
		847BD5142969C89F008D48B1 /* WikiNamespace.swift in Sources */ = {isa = PBXBuildFile; fileRef = 84F4A67E2962A5E4001809EC /* WikiNamespace.swift */; };
		847BD5152969C8A3008D48B1 /* Wikist.xcdatamodeld in Sources */ = {isa = PBXBuildFile; fileRef = 84FEFD55285F539000BCC3AD /* Wikist.xcdatamodeld */; };
		847BD5162969C8A3008D48B1 /* Wikist.xcdatamodeld in Sources */ = {isa = PBXBuildFile; fileRef = 84FEFD55285F539000BCC3AD /* Wikist.xcdatamodeld */; };
		847BD5172969C8AD008D48B1 /* Calendar.swift in Sources */ = {isa = PBXBuildFile; fileRef = 847F47152880610A00705500 /* Calendar.swift */; };
		847BD5182969C8AF008D48B1 /* FileManager.swift in Sources */ = {isa = PBXBuildFile; fileRef = 84ED9C8128707C200089221F /* FileManager.swift */; };
		847BD5192969C8AF008D48B1 /* FileManager.swift in Sources */ = {isa = PBXBuildFile; fileRef = 84ED9C8128707C200089221F /* FileManager.swift */; };
		847BD51A2969C8B2008D48B1 /* ISO8601DateFormatter.swift in Sources */ = {isa = PBXBuildFile; fileRef = 846F7E9C287899C30087E40B /* ISO8601DateFormatter.swift */; };
		847BD51B2969C8B7008D48B1 /* URL.swift in Sources */ = {isa = PBXBuildFile; fileRef = 84ED9C7D2870437B0089221F /* URL.swift */; };
		847BD51C2969C8BD008D48B1 /* URLResponse.swift in Sources */ = {isa = PBXBuildFile; fileRef = 84ED9C7F287044650089221F /* URLResponse.swift */; };
		847BD51D2969C8C2008D48B1 /* Image.swift in Sources */ = {isa = PBXBuildFile; fileRef = 847BD4D62969BD2B008D48B1 /* Image.swift */; };
		847BD51E2969C8C6008D48B1 /* Localizable.strings in Resources */ = {isa = PBXBuildFile; fileRef = 84F4A67A2961E539001809EC /* Localizable.strings */; };
		847BD51F2969C8D7008D48B1 /* ContributionsCell.swift in Sources */ = {isa = PBXBuildFile; fileRef = 846F7E962878700A0087E40B /* ContributionsCell.swift */; };
		847BD5202969C8D9008D48B1 /* ContributionsMatrix.swift in Sources */ = {isa = PBXBuildFile; fileRef = 846F7EA5287AC48A0087E40B /* ContributionsMatrix.swift */; };
		847BD5212969C8E6008D48B1 /* Modifiers.swift in Sources */ = {isa = PBXBuildFile; fileRef = 846F7EA9287ACBD80087E40B /* Modifiers.swift */; };
		847F47162880610A00705500 /* Calendar.swift in Sources */ = {isa = PBXBuildFile; fileRef = 847F47152880610A00705500 /* Calendar.swift */; };
		847F471B2881D6B500705500 /* ContributionsByHourChart.swift in Sources */ = {isa = PBXBuildFile; fileRef = 847F471A2881D6B500705500 /* ContributionsByHourChart.swift */; };
		849F98AF288BBE3D0006CC7D /* SettingsView.swift in Sources */ = {isa = PBXBuildFile; fileRef = 849F98AE288BBE3D0006CC7D /* SettingsView.swift */; platformFilter = ios; };
		84AB6D9E29344F2900179266 /* StatisticsChart.swift in Sources */ = {isa = PBXBuildFile; fileRef = 84AB6D9D29344F2900179266 /* StatisticsChart.swift */; };
		84B61502293E36BC006D65FC /* Legacy.xcdatamodeld in Sources */ = {isa = PBXBuildFile; fileRef = 84B61500293E36BC006D65FC /* Legacy.xcdatamodeld */; };
		84B61504293E3773006D65FC /* Persistence+Migrate.swift in Sources */ = {isa = PBXBuildFile; fileRef = 84B61503293E3773006D65FC /* Persistence+Migrate.swift */; };
		84D0DFE6293F9C7E007ACF8F /* DataView.swift in Sources */ = {isa = PBXBuildFile; fileRef = 84D0DFE5293F9C7E007ACF8F /* DataView.swift */; };
		84D7DFF52871FE9D00F0D1E9 /* Wiki+Initializer.swift in Sources */ = {isa = PBXBuildFile; fileRef = 84D7DFF42871FE9D00F0D1E9 /* Wiki+Initializer.swift */; };
		84D7DFF728731D7600F0D1E9 /* User+Initializer.swift in Sources */ = {isa = PBXBuildFile; fileRef = 84D7DFF628731D7600F0D1E9 /* User+Initializer.swift */; };
		84ED9C7E2870437B0089221F /* URL.swift in Sources */ = {isa = PBXBuildFile; fileRef = 84ED9C7D2870437B0089221F /* URL.swift */; };
		84ED9C80287044650089221F /* URLResponse.swift in Sources */ = {isa = PBXBuildFile; fileRef = 84ED9C7F287044650089221F /* URLResponse.swift */; };
		84ED9C8228707C200089221F /* FileManager.swift in Sources */ = {isa = PBXBuildFile; fileRef = 84ED9C8128707C200089221F /* FileManager.swift */; };
		84F22A5A2974366300EB1832 /* UserDefaults.swift in Sources */ = {isa = PBXBuildFile; fileRef = 84F22A592974366300EB1832 /* UserDefaults.swift */; };
		84F4A6782961E539001809EC /* Localizable.strings in Resources */ = {isa = PBXBuildFile; fileRef = 84F4A67A2961E539001809EC /* Localizable.strings */; };
		84F4A67D29627C58001809EC /* WikiAuxiliary+Initializer.swift in Sources */ = {isa = PBXBuildFile; fileRef = 84F4A67C29627C58001809EC /* WikiAuxiliary+Initializer.swift */; };
		84F4A67F2962A5E4001809EC /* WikiNamespace.swift in Sources */ = {isa = PBXBuildFile; fileRef = 84F4A67E2962A5E4001809EC /* WikiNamespace.swift */; };
		84F4A6812962C094001809EC /* WikiAuxiliary+Derived.swift in Sources */ = {isa = PBXBuildFile; fileRef = 84F4A6802962C094001809EC /* WikiAuxiliary+Derived.swift */; };
		84F4A6832962C68C001809EC /* ContributionsByNamespaceChart.swift in Sources */ = {isa = PBXBuildFile; fileRef = 84F4A6822962C68C001809EC /* ContributionsByNamespaceChart.swift */; };
		84F4F2942871373C0091461D /* User+Task.swift in Sources */ = {isa = PBXBuildFile; fileRef = 84F4F2932871373C0091461D /* User+Task.swift */; };
		84F4F298287164500091461D /* CloudKit.framework in Frameworks */ = {isa = PBXBuildFile; fileRef = 84F4F297287164500091461D /* CloudKit.framework */; };
		84F4F29A2871A20C0091461D /* AddUserView.swift in Sources */ = {isa = PBXBuildFile; fileRef = 84F4F2992871A20C0091461D /* AddUserView.swift */; };
		84F50EFD28702CFE000BCC10 /* Wiki+Task.swift in Sources */ = {isa = PBXBuildFile; fileRef = 84F50EFC28702CFE000BCC10 /* Wiki+Task.swift */; };
		84F854F929475D2D00937873 /* Contribution+Derived.swift in Sources */ = {isa = PBXBuildFile; fileRef = 84F854F829475D2D00937873 /* Contribution+Derived.swift */; };
		84F854FD294A1C0E00937873 /* Bundle+Version.swift in Sources */ = {isa = PBXBuildFile; fileRef = 84F854FC294A1C0E00937873 /* Bundle+Version.swift */; };
		84F854FF294AA5B000937873 /* AboutSection.swift in Sources */ = {isa = PBXBuildFile; fileRef = 84F854FE294AA5B000937873 /* AboutSection.swift */; };
		84FEFD52285F539000BCC3AD /* WikistApp.swift in Sources */ = {isa = PBXBuildFile; fileRef = 84FEFD51285F539000BCC3AD /* WikistApp.swift */; };
		84FEFD54285F539000BCC3AD /* Persistence.swift in Sources */ = {isa = PBXBuildFile; fileRef = 84FEFD53285F539000BCC3AD /* Persistence.swift */; };
		84FEFD57285F539000BCC3AD /* Wikist.xcdatamodeld in Sources */ = {isa = PBXBuildFile; fileRef = 84FEFD55285F539000BCC3AD /* Wikist.xcdatamodeld */; };
		84FEFD59285F539000BCC3AD /* ContentView.swift in Sources */ = {isa = PBXBuildFile; fileRef = 84FEFD58285F539000BCC3AD /* ContentView.swift */; };
		84FEFD5B285F539200BCC3AD /* Assets.xcassets in Resources */ = {isa = PBXBuildFile; fileRef = 84FEFD5A285F539200BCC3AD /* Assets.xcassets */; };
		84FEFD5F285F539200BCC3AD /* Preview Assets.xcassets in Resources */ = {isa = PBXBuildFile; fileRef = 84FEFD5E285F539200BCC3AD /* Preview Assets.xcassets */; };
/* End PBXBuildFile section */

/* Begin PBXContainerItemProxy section */
		847BD48E29695BFF008D48B1 /* PBXContainerItemProxy */ = {
			isa = PBXContainerItemProxy;
			containerPortal = 84FEFD46285F539000BCC3AD /* Project object */;
			proxyType = 1;
			remoteGlobalIDString = 847BD47D29695BFE008D48B1;
			remoteInfo = WidgetExtension;
		};
		847BD4C32969B84B008D48B1 /* PBXContainerItemProxy */ = {
			isa = PBXContainerItemProxy;
			containerPortal = 84FEFD46285F539000BCC3AD /* Project object */;
			proxyType = 1;
			remoteGlobalIDString = 847BD4BB2969B84A008D48B1;
			remoteInfo = WidgetConfiguration;
		};
		847BD4EA2969C6A9008D48B1 /* PBXContainerItemProxy */ = {
			isa = PBXContainerItemProxy;
			containerPortal = 84FEFD46285F539000BCC3AD /* Project object */;
			proxyType = 1;
			remoteGlobalIDString = 847BD4DC2969C6A8008D48B1;
			remoteInfo = WidgetExtension;
		};
		847BD5002969C786008D48B1 /* PBXContainerItemProxy */ = {
			isa = PBXContainerItemProxy;
			containerPortal = 84FEFD46285F539000BCC3AD /* Project object */;
			proxyType = 1;
			remoteGlobalIDString = 847BD4F82969C786008D48B1;
			remoteInfo = WidgetConfiguration;
		};
/* End PBXContainerItemProxy section */

/* Begin PBXCopyFilesBuildPhase section */
		847BD49429695BFF008D48B1 /* Embed Foundation Extensions */ = {
			isa = PBXCopyFilesBuildPhase;
			buildActionMask = 2147483647;
			dstPath = "";
			dstSubfolderSpec = 13;
			files = (
				847BD49029695BFF008D48B1 /* WidgetExtension iOS.appex in Embed Foundation Extensions */,
				847BD5022969C786008D48B1 /* WidgetConfiguration macOS.appex in Embed Foundation Extensions */,
				847BD4C52969B84B008D48B1 /* WidgetConfiguration iOS.appex in Embed Foundation Extensions */,
				847BD4EC2969C6A9008D48B1 /* WidgetExtension macOS.appex in Embed Foundation Extensions */,
			);
			name = "Embed Foundation Extensions";
			runOnlyForDeploymentPostprocessing = 0;
		};
/* End PBXCopyFilesBuildPhase section */

/* Begin PBXFileReference section */
		84038A7029312E220021A51D /* CardModifier.swift */ = {isa = PBXFileReference; lastKnownFileType = sourcecode.swift; path = CardModifier.swift; sourceTree = "<group>"; };
		84038A722931ED080021A51D /* MonospacedIconAndTitleLabelStyle.swift */ = {isa = PBXFileReference; lastKnownFileType = sourcecode.swift; path = MonospacedIconAndTitleLabelStyle.swift; sourceTree = "<group>"; };
		84038A742931F60B0021A51D /* ChipModifier.swift */ = {isa = PBXFileReference; lastKnownFileType = sourcecode.swift; path = ChipModifier.swift; sourceTree = "<group>"; };
		84038A762931FBC00021A51D /* MonospacedIconOnlyLabelStyle.swift */ = {isa = PBXFileReference; lastKnownFileType = sourcecode.swift; path = MonospacedIconOnlyLabelStyle.swift; sourceTree = "<group>"; };
		84038A782931FD410021A51D /* SimpleChip.swift */ = {isa = PBXFileReference; lastKnownFileType = sourcecode.swift; path = SimpleChip.swift; sourceTree = "<group>"; };
		84038A7A293202100021A51D /* FlexHStack.swift */ = {isa = PBXFileReference; lastKnownFileType = sourcecode.swift; path = FlexHStack.swift; sourceTree = "<group>"; };
		84038A7C29321CBB0021A51D /* Wiki+Derived.swift */ = {isa = PBXFileReference; lastKnownFileType = sourcecode.swift; path = "Wiki+Derived.swift"; sourceTree = "<group>"; };
		84038A7E2932586C0021A51D /* UserDetailsView.swift */ = {isa = PBXFileReference; lastKnownFileType = sourcecode.swift; path = UserDetailsView.swift; sourceTree = "<group>"; };
		84038A8029325C1F0021A51D /* User+Derived.swift */ = {isa = PBXFileReference; lastKnownFileType = sourcecode.swift; path = "User+Derived.swift"; sourceTree = "<group>"; };
		84038A8429327EF10021A51D /* StatisticsGrid.swift */ = {isa = PBXFileReference; lastKnownFileType = sourcecode.swift; path = StatisticsGrid.swift; sourceTree = "<group>"; };
		8409A4C9292BA98B00056467 /* UserListView.swift */ = {isa = PBXFileReference; lastKnownFileType = sourcecode.swift; path = UserListView.swift; sourceTree = "<group>"; };
		8409A4CB292BAA3400056467 /* UserBriefView.swift */ = {isa = PBXFileReference; lastKnownFileType = sourcecode.swift; path = UserBriefView.swift; sourceTree = "<group>"; };
		8409A4CE292CF4DD00056467 /* WikiListView.swift */ = {isa = PBXFileReference; lastKnownFileType = sourcecode.swift; path = WikiListView.swift; sourceTree = "<group>"; };
		8409A4D0292CFB7C00056467 /* AddWikiView.swift */ = {isa = PBXFileReference; lastKnownFileType = sourcecode.swift; path = AddWikiView.swift; sourceTree = "<group>"; };
		8409A4D2292FCD3700056467 /* WikiDetailsView.swift */ = {isa = PBXFileReference; lastKnownFileType = sourcecode.swift; path = WikiDetailsView.swift; sourceTree = "<group>"; };
		8409A4D72930E97A00056467 /* TitleUnderIconLabelStyle.swift */ = {isa = PBXFileReference; lastKnownFileType = sourcecode.swift; path = TitleUnderIconLabelStyle.swift; sourceTree = "<group>"; };
		84304A27288430FD00018ABD /* OnboardingView.swift */ = {isa = PBXFileReference; lastKnownFileType = sourcecode.swift; path = OnboardingView.swift; sourceTree = "<group>"; };
		84304A2928844CB200018ABD /* EqualWidthHStack.swift */ = {isa = PBXFileReference; lastKnownFileType = sourcecode.swift; path = EqualWidthHStack.swift; sourceTree = "<group>"; };
		84304A2D288465F800018ABD /* ThemedButton.swift */ = {isa = PBXFileReference; lastKnownFileType = sourcecode.swift; path = ThemedButton.swift; sourceTree = "<group>"; };
		844E658B2954969F000FA634 /* StoreKit.framework */ = {isa = PBXFileReference; lastKnownFileType = wrapper.framework; name = StoreKit.framework; path = Platforms/iPhoneOS.platform/Developer/SDKs/iPhoneOS16.2.sdk/System/Library/Frameworks/StoreKit.framework; sourceTree = DEVELOPER_DIR; };
		8466A54E2971BB2300CD0A1A /* AlternateAppIcons.xcassets */ = {isa = PBXFileReference; lastKnownFileType = folder.assetcatalog; path = AlternateAppIcons.xcassets; sourceTree = "<group>"; };
		8466A55029727A4500CD0A1A /* AppIconSelector.swift */ = {isa = PBXFileReference; lastKnownFileType = sourcecode.swift; path = AppIconSelector.swift; sourceTree = "<group>"; };
		8466A5552973E93500CD0A1A /* en */ = {isa = PBXFileReference; lastKnownFileType = text.plist.strings; name = en; path = en.lproj/InfoPlist.strings; sourceTree = "<group>"; };
		8466A5572973E93B00CD0A1A /* zh-Hans */ = {isa = PBXFileReference; lastKnownFileType = text.plist.strings; name = "zh-Hans"; path = "zh-Hans.lproj/InfoPlist.strings"; sourceTree = "<group>"; };
		8466A5632973EA9300CD0A1A /* Widget.intentdefinition */ = {isa = PBXFileReference; fileEncoding = 4; lastKnownFileType = file.intentdefinition; path = Widget.intentdefinition; sourceTree = "<group>"; };
		8466A5752973EB4900CD0A1A /* en */ = {isa = PBXFileReference; lastKnownFileType = text.plist.strings; name = en; path = en.lproj/Widget.strings; sourceTree = "<group>"; };
		8466A5772973EB4C00CD0A1A /* zh-Hans */ = {isa = PBXFileReference; lastKnownFileType = text.plist.strings; name = "zh-Hans"; path = "zh-Hans.lproj/Widget.strings"; sourceTree = "<group>"; };
		846F7E962878700A0087E40B /* ContributionsCell.swift */ = {isa = PBXFileReference; lastKnownFileType = sourcecode.swift; path = ContributionsCell.swift; sourceTree = "<group>"; };
		846F7E9828787D4C0087E40B /* User+Request.swift */ = {isa = PBXFileReference; lastKnownFileType = sourcecode.swift; path = "User+Request.swift"; sourceTree = "<group>"; };
		846F7E9C287899C30087E40B /* ISO8601DateFormatter.swift */ = {isa = PBXFileReference; lastKnownFileType = sourcecode.swift; path = ISO8601DateFormatter.swift; sourceTree = "<group>"; };
		846F7EA02879AF4D0087E40B /* PersistenceEnvironmentKey.swift */ = {isa = PBXFileReference; lastKnownFileType = sourcecode.swift; path = PersistenceEnvironmentKey.swift; sourceTree = "<group>"; };
		846F7EA2287A80E70087E40B /* Wiki+Request.swift */ = {isa = PBXFileReference; lastKnownFileType = sourcecode.swift; path = "Wiki+Request.swift"; sourceTree = "<group>"; };
		846F7EA5287AC48A0087E40B /* ContributionsMatrix.swift */ = {isa = PBXFileReference; lastKnownFileType = sourcecode.swift; path = ContributionsMatrix.swift; sourceTree = "<group>"; };
		846F7EA9287ACBD80087E40B /* Modifiers.swift */ = {isa = PBXFileReference; lastKnownFileType = sourcecode.swift; path = Modifiers.swift; sourceTree = "<group>"; };
		846F7EAB287AD45E0087E40B /* BriefCard.swift */ = {isa = PBXFileReference; lastKnownFileType = sourcecode.swift; path = BriefCard.swift; sourceTree = "<group>"; };
		84779FD42940E3CB00424B97 /* Wikist-Info.plist */ = {isa = PBXFileReference; lastKnownFileType = text.plist; path = "Wikist-Info.plist"; sourceTree = "<group>"; };
		84779FD729434E5E00424B97 /* PersistentContainer.swift */ = {isa = PBXFileReference; lastKnownFileType = sourcecode.swift; path = PersistentContainer.swift; sourceTree = "<group>"; };
		84779FDA2943B06F00424B97 /* SettingsView.swift */ = {isa = PBXFileReference; lastKnownFileType = sourcecode.swift; path = SettingsView.swift; sourceTree = "<group>"; };
		84779FDC294460DC00424B97 /* ModificationSizeChart.swift */ = {isa = PBXFileReference; lastKnownFileType = sourcecode.swift; path = ModificationSizeChart.swift; sourceTree = "<group>"; };
		847BD47E29695BFE008D48B1 /* WidgetExtension iOS.appex */ = {isa = PBXFileReference; explicitFileType = "wrapper.app-extension"; includeInIndex = 0; path = "WidgetExtension iOS.appex"; sourceTree = BUILT_PRODUCTS_DIR; };
		847BD47F29695BFE008D48B1 /* WidgetKit.framework */ = {isa = PBXFileReference; lastKnownFileType = wrapper.framework; name = WidgetKit.framework; path = System/Library/Frameworks/WidgetKit.framework; sourceTree = SDKROOT; };
		847BD48129695BFE008D48B1 /* SwiftUI.framework */ = {isa = PBXFileReference; lastKnownFileType = wrapper.framework; name = SwiftUI.framework; path = System/Library/Frameworks/SwiftUI.framework; sourceTree = SDKROOT; };
		847BD48429695BFE008D48B1 /* WikistWidgetBundle.swift */ = {isa = PBXFileReference; lastKnownFileType = sourcecode.swift; path = WikistWidgetBundle.swift; sourceTree = "<group>"; };
		847BD48629695BFE008D48B1 /* ContributionsMatrixWidget.swift */ = {isa = PBXFileReference; lastKnownFileType = sourcecode.swift; path = ContributionsMatrixWidget.swift; sourceTree = "<group>"; };
		847BD48B29695BFF008D48B1 /* Info.plist */ = {isa = PBXFileReference; lastKnownFileType = text.plist.xml; path = Info.plist; sourceTree = "<group>"; };
		847BD49829695CE9008D48B1 /* WidgetExtension.entitlements */ = {isa = PBXFileReference; lastKnownFileType = text.plist.entitlements; path = WidgetExtension.entitlements; sourceTree = "<group>"; };
		847BD4B52969B791008D48B1 /* CloudKit.framework */ = {isa = PBXFileReference; lastKnownFileType = wrapper.framework; name = CloudKit.framework; path = Platforms/iPhoneOS.platform/Developer/SDKs/iPhoneOS16.2.sdk/System/Library/Frameworks/CloudKit.framework; sourceTree = DEVELOPER_DIR; };
		847BD4BC2969B84A008D48B1 /* WidgetConfiguration iOS.appex */ = {isa = PBXFileReference; explicitFileType = "wrapper.app-extension"; includeInIndex = 0; path = "WidgetConfiguration iOS.appex"; sourceTree = BUILT_PRODUCTS_DIR; };
		847BD4BD2969B84A008D48B1 /* Intents.framework */ = {isa = PBXFileReference; lastKnownFileType = wrapper.framework; name = Intents.framework; path = System/Library/Frameworks/Intents.framework; sourceTree = SDKROOT; };
		847BD4C02969B84B008D48B1 /* IntentHandler.swift */ = {isa = PBXFileReference; lastKnownFileType = sourcecode.swift; path = IntentHandler.swift; sourceTree = "<group>"; };
		847BD4C22969B84B008D48B1 /* Info.plist */ = {isa = PBXFileReference; lastKnownFileType = text.plist.xml; path = Info.plist; sourceTree = "<group>"; };
		847BD4D02969B95B008D48B1 /* Persistence+Task.swift */ = {isa = PBXFileReference; lastKnownFileType = sourcecode.swift; path = "Persistence+Task.swift"; sourceTree = "<group>"; };
		847BD4D32969B9F3008D48B1 /* Persistence+Preview.swift */ = {isa = PBXFileReference; lastKnownFileType = sourcecode.swift; path = "Persistence+Preview.swift"; sourceTree = "<group>"; };
		847BD4D52969BAF9008D48B1 /* WidgetConfiguration.entitlements */ = {isa = PBXFileReference; lastKnownFileType = text.plist.entitlements; path = WidgetConfiguration.entitlements; sourceTree = "<group>"; };
		847BD4D62969BD2B008D48B1 /* Image.swift */ = {isa = PBXFileReference; lastKnownFileType = sourcecode.swift; path = Image.swift; sourceTree = "<group>"; };
		847BD4DD2969C6A8008D48B1 /* WidgetExtension macOS.appex */ = {isa = PBXFileReference; explicitFileType = "wrapper.app-extension"; includeInIndex = 0; path = "WidgetExtension macOS.appex"; sourceTree = BUILT_PRODUCTS_DIR; };
		847BD4E62969C6A9008D48B1 /* Info.plist */ = {isa = PBXFileReference; lastKnownFileType = text.plist.xml; path = Info.plist; sourceTree = "<group>"; };
		847BD4E72969C6A9008D48B1 /* Widget.entitlements */ = {isa = PBXFileReference; lastKnownFileType = text.plist.entitlements; path = Widget.entitlements; sourceTree = "<group>"; };
		847BD4F92969C786008D48B1 /* WidgetConfiguration macOS.appex */ = {isa = PBXFileReference; explicitFileType = "wrapper.app-extension"; includeInIndex = 0; path = "WidgetConfiguration macOS.appex"; sourceTree = BUILT_PRODUCTS_DIR; };
		847BD4FE2969C786008D48B1 /* Info.plist */ = {isa = PBXFileReference; lastKnownFileType = text.plist.xml; path = Info.plist; sourceTree = "<group>"; };
		847BD4FF2969C786008D48B1 /* WidgetConfiguration.entitlements */ = {isa = PBXFileReference; lastKnownFileType = text.plist.entitlements; path = WidgetConfiguration.entitlements; sourceTree = "<group>"; };
		847F47152880610A00705500 /* Calendar.swift */ = {isa = PBXFileReference; lastKnownFileType = sourcecode.swift; path = Calendar.swift; sourceTree = "<group>"; };
		847F471A2881D6B500705500 /* ContributionsByHourChart.swift */ = {isa = PBXFileReference; lastKnownFileType = sourcecode.swift; path = ContributionsByHourChart.swift; sourceTree = "<group>"; };
		849F98AE288BBE3D0006CC7D /* SettingsView.swift */ = {isa = PBXFileReference; lastKnownFileType = sourcecode.swift; path = SettingsView.swift; sourceTree = "<group>"; };
		84AB6D9D29344F2900179266 /* StatisticsChart.swift */ = {isa = PBXFileReference; lastKnownFileType = sourcecode.swift; path = StatisticsChart.swift; sourceTree = "<group>"; };
		84B61501293E36BC006D65FC /* Legacy.xcdatamodel */ = {isa = PBXFileReference; lastKnownFileType = wrapper.xcdatamodel; path = Legacy.xcdatamodel; sourceTree = "<group>"; };
		84B61503293E3773006D65FC /* Persistence+Migrate.swift */ = {isa = PBXFileReference; lastKnownFileType = sourcecode.swift; path = "Persistence+Migrate.swift"; sourceTree = "<group>"; };
		84D0DFE5293F9C7E007ACF8F /* DataView.swift */ = {isa = PBXFileReference; lastKnownFileType = sourcecode.swift; path = DataView.swift; sourceTree = "<group>"; };
		84D7DFF42871FE9D00F0D1E9 /* Wiki+Initializer.swift */ = {isa = PBXFileReference; lastKnownFileType = sourcecode.swift; path = "Wiki+Initializer.swift"; sourceTree = "<group>"; };
		84D7DFF628731D7600F0D1E9 /* User+Initializer.swift */ = {isa = PBXFileReference; lastKnownFileType = sourcecode.swift; path = "User+Initializer.swift"; sourceTree = "<group>"; };
		84ED9C7D2870437B0089221F /* URL.swift */ = {isa = PBXFileReference; lastKnownFileType = sourcecode.swift; path = URL.swift; sourceTree = "<group>"; };
		84ED9C7F287044650089221F /* URLResponse.swift */ = {isa = PBXFileReference; lastKnownFileType = sourcecode.swift; path = URLResponse.swift; sourceTree = "<group>"; };
		84ED9C8128707C200089221F /* FileManager.swift */ = {isa = PBXFileReference; lastKnownFileType = sourcecode.swift; path = FileManager.swift; sourceTree = "<group>"; };
		84F22A592974366300EB1832 /* UserDefaults.swift */ = {isa = PBXFileReference; lastKnownFileType = sourcecode.swift; path = UserDefaults.swift; sourceTree = "<group>"; };
		84F4A6792961E539001809EC /* en */ = {isa = PBXFileReference; lastKnownFileType = text.plist.strings; name = en; path = en.lproj/Localizable.strings; sourceTree = "<group>"; };
		84F4A67B2961E5C1001809EC /* zh-Hans */ = {isa = PBXFileReference; lastKnownFileType = text.plist.strings; name = "zh-Hans"; path = "zh-Hans.lproj/Localizable.strings"; sourceTree = "<group>"; };
		84F4A67C29627C58001809EC /* WikiAuxiliary+Initializer.swift */ = {isa = PBXFileReference; lastKnownFileType = sourcecode.swift; path = "WikiAuxiliary+Initializer.swift"; sourceTree = "<group>"; };
		84F4A67E2962A5E4001809EC /* WikiNamespace.swift */ = {isa = PBXFileReference; lastKnownFileType = sourcecode.swift; path = WikiNamespace.swift; sourceTree = "<group>"; };
		84F4A6802962C094001809EC /* WikiAuxiliary+Derived.swift */ = {isa = PBXFileReference; lastKnownFileType = sourcecode.swift; path = "WikiAuxiliary+Derived.swift"; sourceTree = "<group>"; };
		84F4A6822962C68C001809EC /* ContributionsByNamespaceChart.swift */ = {isa = PBXFileReference; lastKnownFileType = sourcecode.swift; path = ContributionsByNamespaceChart.swift; sourceTree = "<group>"; };
		84F4F2932871373C0091461D /* User+Task.swift */ = {isa = PBXFileReference; lastKnownFileType = sourcecode.swift; path = "User+Task.swift"; sourceTree = "<group>"; };
		84F4F297287164500091461D /* CloudKit.framework */ = {isa = PBXFileReference; lastKnownFileType = wrapper.framework; name = CloudKit.framework; path = System/Library/Frameworks/CloudKit.framework; sourceTree = SDKROOT; };
		84F4F2992871A20C0091461D /* AddUserView.swift */ = {isa = PBXFileReference; lastKnownFileType = sourcecode.swift; path = AddUserView.swift; sourceTree = "<group>"; };
		84F50EFC28702CFE000BCC10 /* Wiki+Task.swift */ = {isa = PBXFileReference; lastKnownFileType = sourcecode.swift; path = "Wiki+Task.swift"; sourceTree = "<group>"; };
		84F854F829475D2D00937873 /* Contribution+Derived.swift */ = {isa = PBXFileReference; lastKnownFileType = sourcecode.swift; path = "Contribution+Derived.swift"; sourceTree = "<group>"; };
		84F854FC294A1C0E00937873 /* Bundle+Version.swift */ = {isa = PBXFileReference; lastKnownFileType = sourcecode.swift; path = "Bundle+Version.swift"; sourceTree = "<group>"; };
		84F854FE294AA5B000937873 /* AboutSection.swift */ = {isa = PBXFileReference; lastKnownFileType = sourcecode.swift; path = AboutSection.swift; sourceTree = "<group>"; };
		84FEFD4E285F539000BCC3AD /* Wikist.app */ = {isa = PBXFileReference; explicitFileType = wrapper.application; includeInIndex = 0; path = Wikist.app; sourceTree = BUILT_PRODUCTS_DIR; };
		84FEFD51285F539000BCC3AD /* WikistApp.swift */ = {isa = PBXFileReference; lastKnownFileType = sourcecode.swift; path = WikistApp.swift; sourceTree = "<group>"; };
		84FEFD53285F539000BCC3AD /* Persistence.swift */ = {isa = PBXFileReference; lastKnownFileType = sourcecode.swift; path = Persistence.swift; sourceTree = "<group>"; };
		84FEFD56285F539000BCC3AD /* Wikist.xcdatamodel */ = {isa = PBXFileReference; lastKnownFileType = wrapper.xcdatamodel; path = Wikist.xcdatamodel; sourceTree = "<group>"; };
		84FEFD58285F539000BCC3AD /* ContentView.swift */ = {isa = PBXFileReference; lastKnownFileType = sourcecode.swift; path = ContentView.swift; sourceTree = "<group>"; };
		84FEFD5A285F539200BCC3AD /* Assets.xcassets */ = {isa = PBXFileReference; lastKnownFileType = folder.assetcatalog; path = Assets.xcassets; sourceTree = "<group>"; };
		84FEFD5C285F539200BCC3AD /* Wikist.entitlements */ = {isa = PBXFileReference; lastKnownFileType = text.plist.entitlements; path = Wikist.entitlements; sourceTree = "<group>"; };
		84FEFD5E285F539200BCC3AD /* Preview Assets.xcassets */ = {isa = PBXFileReference; lastKnownFileType = folder.assetcatalog; path = "Preview Assets.xcassets"; sourceTree = "<group>"; };
/* End PBXFileReference section */

/* Begin PBXFrameworksBuildPhase section */
		847BD47B29695BFE008D48B1 /* Frameworks */ = {
			isa = PBXFrameworksBuildPhase;
			buildActionMask = 2147483647;
			files = (
				847BD48229695BFE008D48B1 /* SwiftUI.framework in Frameworks */,
				847BD48029695BFE008D48B1 /* WidgetKit.framework in Frameworks */,
			);
			runOnlyForDeploymentPostprocessing = 0;
		};
		847BD4B92969B84A008D48B1 /* Frameworks */ = {
			isa = PBXFrameworksBuildPhase;
			buildActionMask = 2147483647;
			files = (
				847BD4BE2969B84A008D48B1 /* Intents.framework in Frameworks */,
			);
			runOnlyForDeploymentPostprocessing = 0;
		};
		847BD4DA2969C6A8008D48B1 /* Frameworks */ = {
			isa = PBXFrameworksBuildPhase;
			buildActionMask = 2147483647;
			files = (
				847BD4DF2969C6A9008D48B1 /* SwiftUI.framework in Frameworks */,
				847BD4DE2969C6A9008D48B1 /* WidgetKit.framework in Frameworks */,
			);
			runOnlyForDeploymentPostprocessing = 0;
		};
		847BD4F62969C786008D48B1 /* Frameworks */ = {
			isa = PBXFrameworksBuildPhase;
			buildActionMask = 2147483647;
			files = (
				847BD4FA2969C786008D48B1 /* Intents.framework in Frameworks */,
			);
			runOnlyForDeploymentPostprocessing = 0;
		};
		84FEFD4B285F539000BCC3AD /* Frameworks */ = {
			isa = PBXFrameworksBuildPhase;
			buildActionMask = 2147483647;
			files = (
				84F4F298287164500091461D /* CloudKit.framework in Frameworks */,
				844E658C2954969F000FA634 /* StoreKit.framework in Frameworks */,
			);
			runOnlyForDeploymentPostprocessing = 0;
		};
/* End PBXFrameworksBuildPhase section */

/* Begin PBXGroup section */
		84304A1F2883F89100018ABD /* Basic */ = {
			isa = PBXGroup;
			children = (
				846F7EAB287AD45E0087E40B /* BriefCard.swift */,
				84038A7029312E220021A51D /* CardModifier.swift */,
				84038A742931F60B0021A51D /* ChipModifier.swift */,
				846F7E962878700A0087E40B /* ContributionsCell.swift */,
				846F7EA5287AC48A0087E40B /* ContributionsMatrix.swift */,
				84304A2928844CB200018ABD /* EqualWidthHStack.swift */,
				84038A7A293202100021A51D /* FlexHStack.swift */,
				846F7EA9287ACBD80087E40B /* Modifiers.swift */,
				84038A722931ED080021A51D /* MonospacedIconAndTitleLabelStyle.swift */,
				84038A762931FBC00021A51D /* MonospacedIconOnlyLabelStyle.swift */,
				84038A782931FD410021A51D /* SimpleChip.swift */,
				84038A8429327EF10021A51D /* StatisticsGrid.swift */,
				84304A2D288465F800018ABD /* ThemedButton.swift */,
				8409A4D72930E97A00056467 /* TitleUnderIconLabelStyle.swift */,
				8409A4CB292BAA3400056467 /* UserBriefView.swift */,
			);
			path = Basic;
			sourceTree = "<group>";
		};
		8466A5692973EB3100CD0A1A /* Localization */ = {
			isa = PBXGroup;
			children = (
				8466A5762973EB4900CD0A1A /* Widget.strings */,
			);
			path = Localization;
			sourceTree = "<group>";
		};
		846F7E9F2879AF330087E40B /* Environments */ = {
			isa = PBXGroup;
			children = (
				846F7EA02879AF4D0087E40B /* PersistenceEnvironmentKey.swift */,
			);
			path = Environments;
			sourceTree = "<group>";
		};
		84779FD92943B04A00424B97 /* iOS */ = {
			isa = PBXGroup;
			children = (
				8466A55029727A4500CD0A1A /* AppIconSelector.swift */,
				849F98AE288BBE3D0006CC7D /* SettingsView.swift */,
				8466A54E2971BB2300CD0A1A /* AlternateAppIcons.xcassets */,
			);
			path = iOS;
			sourceTree = "<group>";
		};
		847BD47929695B3F008D48B1 /* Widget */ = {
			isa = PBXGroup;
			children = (
				847BD4B72969B7BA008D48B1 /* Intents */,
				847BD49629695C28008D48B1 /* iOS */,
				847BD4F02969C70B008D48B1 /* macOS */,
				847BD49529695C1D008D48B1 /* Shared */,
			);
			path = Widget;
			sourceTree = "<group>";
		};
		847BD49529695C1D008D48B1 /* Shared */ = {
			isa = PBXGroup;
			children = (
				8466A5692973EB3100CD0A1A /* Localization */,
				8466A5632973EA9300CD0A1A /* Widget.intentdefinition */,
				847BD48629695BFE008D48B1 /* ContributionsMatrixWidget.swift */,
				847BD48429695BFE008D48B1 /* WikistWidgetBundle.swift */,
			);
			path = Shared;
			sourceTree = "<group>";
		};
		847BD49629695C28008D48B1 /* iOS */ = {
			isa = PBXGroup;
			children = (
				847BD49829695CE9008D48B1 /* WidgetExtension.entitlements */,
				847BD48B29695BFF008D48B1 /* Info.plist */,
			);
			path = iOS;
			sourceTree = "<group>";
		};
		847BD4B72969B7BA008D48B1 /* Intents */ = {
			isa = PBXGroup;
			children = (
				847BD4CA2969B87A008D48B1 /* iOS */,
				847BD4F42969C76C008D48B1 /* macOS */,
				847BD4C92969B86C008D48B1 /* Shared */,
			);
			path = Intents;
			sourceTree = "<group>";
		};
		847BD4C92969B86C008D48B1 /* Shared */ = {
			isa = PBXGroup;
			children = (
				847BD4C02969B84B008D48B1 /* IntentHandler.swift */,
			);
			path = Shared;
			sourceTree = "<group>";
		};
		847BD4CA2969B87A008D48B1 /* iOS */ = {
			isa = PBXGroup;
			children = (
				847BD4D52969BAF9008D48B1 /* WidgetConfiguration.entitlements */,
				847BD4C22969B84B008D48B1 /* Info.plist */,
			);
			path = iOS;
			sourceTree = "<group>";
		};
		847BD4F02969C70B008D48B1 /* macOS */ = {
			isa = PBXGroup;
			children = (
				847BD4E62969C6A9008D48B1 /* Info.plist */,
				847BD4E72969C6A9008D48B1 /* Widget.entitlements */,
			);
			path = macOS;
			sourceTree = "<group>";
		};
		847BD4F42969C76C008D48B1 /* macOS */ = {
			isa = PBXGroup;
			children = (
				847BD4FE2969C786008D48B1 /* Info.plist */,
				847BD4FF2969C786008D48B1 /* WidgetConfiguration.entitlements */,
			);
			path = macOS;
			sourceTree = "<group>";
		};
		847F47172881D4BB00705500 /* StatisticsCharts */ = {
			isa = PBXGroup;
			children = (
				847F471A2881D6B500705500 /* ContributionsByHourChart.swift */,
				84F4A6822962C68C001809EC /* ContributionsByNamespaceChart.swift */,
				84779FDC294460DC00424B97 /* ModificationSizeChart.swift */,
				84AB6D9D29344F2900179266 /* StatisticsChart.swift */,
			);
			path = StatisticsCharts;
			sourceTree = "<group>";
		};
		84D0DFE4293F9C2C007ACF8F /* Settings */ = {
			isa = PBXGroup;
			children = (
				84F854FE294AA5B000937873 /* AboutSection.swift */,
				84D0DFE5293F9C7E007ACF8F /* DataView.swift */,
			);
			path = Settings;
			sourceTree = "<group>";
		};
		84ED9C7C287043650089221F /* Extensions */ = {
			isa = PBXGroup;
			children = (
				84F854FC294A1C0E00937873 /* Bundle+Version.swift */,
				847F47152880610A00705500 /* Calendar.swift */,
				84ED9C8128707C200089221F /* FileManager.swift */,
				847BD4D62969BD2B008D48B1 /* Image.swift */,
				846F7E9C287899C30087E40B /* ISO8601DateFormatter.swift */,
				84ED9C7D2870437B0089221F /* URL.swift */,
				84ED9C7F287044650089221F /* URLResponse.swift */,
				84F22A592974366300EB1832 /* UserDefaults.swift */,
			);
			path = Extensions;
			sourceTree = "<group>";
		};
		84F4A6752961E4F9001809EC /* Localization */ = {
			isa = PBXGroup;
			children = (
				84F4A67A2961E539001809EC /* Localizable.strings */,
				8466A5562973E93500CD0A1A /* InfoPlist.strings */,
			);
			path = Localization;
			sourceTree = "<group>";
		};
		84F4F295287161900091461D /* Views */ = {
			isa = PBXGroup;
			children = (
				84F4F2992871A20C0091461D /* AddUserView.swift */,
				8409A4D0292CFB7C00056467 /* AddWikiView.swift */,
				84FEFD58285F539000BCC3AD /* ContentView.swift */,
				84304A27288430FD00018ABD /* OnboardingView.swift */,
				84038A7E2932586C0021A51D /* UserDetailsView.swift */,
				8409A4C9292BA98B00056467 /* UserListView.swift */,
				8409A4D2292FCD3700056467 /* WikiDetailsView.swift */,
				8409A4CE292CF4DD00056467 /* WikiListView.swift */,
				84304A1F2883F89100018ABD /* Basic */,
				846F7E9F2879AF330087E40B /* Environments */,
				84D0DFE4293F9C2C007ACF8F /* Settings */,
				847F47172881D4BB00705500 /* StatisticsCharts */,
			);
			path = Views;
			sourceTree = "<group>";
		};
		84F4F296287164500091461D /* Frameworks */ = {
			isa = PBXGroup;
			children = (
				847BD4B52969B791008D48B1 /* CloudKit.framework */,
				844E658B2954969F000FA634 /* StoreKit.framework */,
				84F4F297287164500091461D /* CloudKit.framework */,
				847BD47F29695BFE008D48B1 /* WidgetKit.framework */,
				847BD48129695BFE008D48B1 /* SwiftUI.framework */,
				847BD4BD2969B84A008D48B1 /* Intents.framework */,
			);
			name = Frameworks;
			sourceTree = "<group>";
		};
		84F50EFB28702CD3000BCC10 /* Data */ = {
			isa = PBXGroup;
			children = (
				84F854F829475D2D00937873 /* Contribution+Derived.swift */,
				84FEFD53285F539000BCC3AD /* Persistence.swift */,
				84B61503293E3773006D65FC /* Persistence+Migrate.swift */,
				847BD4D02969B95B008D48B1 /* Persistence+Task.swift */,
				84779FD729434E5E00424B97 /* PersistentContainer.swift */,
				84038A8029325C1F0021A51D /* User+Derived.swift */,
				84D7DFF628731D7600F0D1E9 /* User+Initializer.swift */,
				846F7E9828787D4C0087E40B /* User+Request.swift */,
				84F4F2932871373C0091461D /* User+Task.swift */,
				84038A7C29321CBB0021A51D /* Wiki+Derived.swift */,
				84D7DFF42871FE9D00F0D1E9 /* Wiki+Initializer.swift */,
				846F7EA2287A80E70087E40B /* Wiki+Request.swift */,
				84F50EFC28702CFE000BCC10 /* Wiki+Task.swift */,
				84F4A6802962C094001809EC /* WikiAuxiliary+Derived.swift */,
				84F4A67C29627C58001809EC /* WikiAuxiliary+Initializer.swift */,
				84F4A67E2962A5E4001809EC /* WikiNamespace.swift */,
				84B61500293E36BC006D65FC /* Legacy.xcdatamodeld */,
				84FEFD55285F539000BCC3AD /* Wikist.xcdatamodeld */,
			);
			path = Data;
			sourceTree = "<group>";
		};
		84FEFD45285F539000BCC3AD = {
			isa = PBXGroup;
			children = (
				84779FD42940E3CB00424B97 /* Wikist-Info.plist */,
				84F4F296287164500091461D /* Frameworks */,
				84779FD92943B04A00424B97 /* iOS */,
				84FEFD66285F546400BCC3AD /* macOS */,
				84FEFD4F285F539000BCC3AD /* Products */,
				84FEFD65285F545100BCC3AD /* Shared */,
				847BD47929695B3F008D48B1 /* Widget */,
			);
			sourceTree = "<group>";
		};
		84FEFD4F285F539000BCC3AD /* Products */ = {
			isa = PBXGroup;
			children = (
				84FEFD4E285F539000BCC3AD /* Wikist.app */,
				847BD47E29695BFE008D48B1 /* WidgetExtension iOS.appex */,
				847BD4BC2969B84A008D48B1 /* WidgetConfiguration iOS.appex */,
				847BD4DD2969C6A8008D48B1 /* WidgetExtension macOS.appex */,
				847BD4F92969C786008D48B1 /* WidgetConfiguration macOS.appex */,
			);
			name = Products;
			sourceTree = "<group>";
		};
		84FEFD5D285F539200BCC3AD /* Preview Content */ = {
			isa = PBXGroup;
			children = (
				847BD4D32969B9F3008D48B1 /* Persistence+Preview.swift */,
				84FEFD5E285F539200BCC3AD /* Preview Assets.xcassets */,
			);
			path = "Preview Content";
			sourceTree = "<group>";
		};
		84FEFD65285F545100BCC3AD /* Shared */ = {
			isa = PBXGroup;
			children = (
				84FEFD51285F539000BCC3AD /* WikistApp.swift */,
				84FEFD5A285F539200BCC3AD /* Assets.xcassets */,
				84F50EFB28702CD3000BCC10 /* Data */,
				84ED9C7C287043650089221F /* Extensions */,
				84F4A6752961E4F9001809EC /* Localization */,
				84FEFD5D285F539200BCC3AD /* Preview Content */,
				84F4F295287161900091461D /* Views */,
			);
			path = Shared;
			sourceTree = "<group>";
		};
		84FEFD66285F546400BCC3AD /* macOS */ = {
			isa = PBXGroup;
			children = (
				84FEFD5C285F539200BCC3AD /* Wikist.entitlements */,
				84779FDA2943B06F00424B97 /* SettingsView.swift */,
			);
			path = macOS;
			sourceTree = "<group>";
		};
/* End PBXGroup section */

/* Begin PBXNativeTarget section */
		847BD47D29695BFE008D48B1 /* WidgetExtension iOS */ = {
			isa = PBXNativeTarget;
			buildConfigurationList = 847BD49129695BFF008D48B1 /* Build configuration list for PBXNativeTarget "WidgetExtension iOS" */;
			buildPhases = (
				847BD47A29695BFE008D48B1 /* Sources */,
				847BD47B29695BFE008D48B1 /* Frameworks */,
				847BD47C29695BFE008D48B1 /* Resources */,
			);
			buildRules = (
			);
			dependencies = (
			);
			name = "WidgetExtension iOS";
			productName = WidgetExtension;
			productReference = 847BD47E29695BFE008D48B1 /* WidgetExtension iOS.appex */;
			productType = "com.apple.product-type.app-extension";
		};
		847BD4BB2969B84A008D48B1 /* WidgetConfiguration iOS */ = {
			isa = PBXNativeTarget;
			buildConfigurationList = 847BD4C62969B84B008D48B1 /* Build configuration list for PBXNativeTarget "WidgetConfiguration iOS" */;
			buildPhases = (
				847BD4B82969B84A008D48B1 /* Sources */,
				847BD4B92969B84A008D48B1 /* Frameworks */,
				847BD4BA2969B84A008D48B1 /* Resources */,
			);
			buildRules = (
			);
			dependencies = (
			);
			name = "WidgetConfiguration iOS";
			productName = WidgetConfiguration;
			productReference = 847BD4BC2969B84A008D48B1 /* WidgetConfiguration iOS.appex */;
			productType = "com.apple.product-type.app-extension";
		};
		847BD4DC2969C6A8008D48B1 /* WidgetExtension macOS */ = {
			isa = PBXNativeTarget;
			buildConfigurationList = 847BD4ED2969C6A9008D48B1 /* Build configuration list for PBXNativeTarget "WidgetExtension macOS" */;
			buildPhases = (
				847BD4D92969C6A8008D48B1 /* Sources */,
				847BD4DA2969C6A8008D48B1 /* Frameworks */,
				847BD4DB2969C6A8008D48B1 /* Resources */,
			);
			buildRules = (
			);
			dependencies = (
			);
			name = "WidgetExtension macOS";
			productName = WidgetExtension;
			productReference = 847BD4DD2969C6A8008D48B1 /* WidgetExtension macOS.appex */;
			productType = "com.apple.product-type.app-extension";
		};
		847BD4F82969C786008D48B1 /* WidgetConfiguration macOS */ = {
			isa = PBXNativeTarget;
			buildConfigurationList = 847BD5032969C786008D48B1 /* Build configuration list for PBXNativeTarget "WidgetConfiguration macOS" */;
			buildPhases = (
				847BD4F52969C786008D48B1 /* Sources */,
				847BD4F62969C786008D48B1 /* Frameworks */,
				847BD4F72969C786008D48B1 /* Resources */,
			);
			buildRules = (
			);
			dependencies = (
			);
			name = "WidgetConfiguration macOS";
			productName = WidgetConfiguration;
			productReference = 847BD4F92969C786008D48B1 /* WidgetConfiguration macOS.appex */;
			productType = "com.apple.product-type.app-extension";
		};
		84FEFD4D285F539000BCC3AD /* Wikist */ = {
			isa = PBXNativeTarget;
			buildConfigurationList = 84FEFD62285F539200BCC3AD /* Build configuration list for PBXNativeTarget "Wikist" */;
			buildPhases = (
				84FEFD4A285F539000BCC3AD /* Sources */,
				84FEFD4B285F539000BCC3AD /* Frameworks */,
				84FEFD4C285F539000BCC3AD /* Resources */,
				847BD49429695BFF008D48B1 /* Embed Foundation Extensions */,
			);
			buildRules = (
			);
			dependencies = (
				847BD48F29695BFF008D48B1 /* PBXTargetDependency */,
				847BD4C42969B84B008D48B1 /* PBXTargetDependency */,
				847BD4EB2969C6A9008D48B1 /* PBXTargetDependency */,
				847BD5012969C786008D48B1 /* PBXTargetDependency */,
			);
			name = Wikist;
			productName = Wikist;
			productReference = 84FEFD4E285F539000BCC3AD /* Wikist.app */;
			productType = "com.apple.product-type.application";
		};
/* End PBXNativeTarget section */

/* Begin PBXProject section */
		84FEFD46285F539000BCC3AD /* Project object */ = {
			isa = PBXProject;
			attributes = {
				BuildIndependentTargetsInParallel = 1;
				LastSwiftUpdateCheck = 1420;
				LastUpgradeCheck = 1410;
				TargetAttributes = {
					847BD47D29695BFE008D48B1 = {
						CreatedOnToolsVersion = 14.2;
					};
					847BD4BB2969B84A008D48B1 = {
						CreatedOnToolsVersion = 14.2;
					};
					847BD4DC2969C6A8008D48B1 = {
						CreatedOnToolsVersion = 14.2;
					};
					847BD4F82969C786008D48B1 = {
						CreatedOnToolsVersion = 14.2;
					};
					84FEFD4D285F539000BCC3AD = {
						CreatedOnToolsVersion = 14.0;
					};
				};
			};
			buildConfigurationList = 84FEFD49285F539000BCC3AD /* Build configuration list for PBXProject "Wikist" */;
			compatibilityVersion = "Xcode 14.0";
			developmentRegion = en;
			hasScannedForEncodings = 0;
			knownRegions = (
				en,
				Base,
				"zh-Hans",
			);
			mainGroup = 84FEFD45285F539000BCC3AD;
			productRefGroup = 84FEFD4F285F539000BCC3AD /* Products */;
			projectDirPath = "";
			projectRoot = "";
			targets = (
				84FEFD4D285F539000BCC3AD /* Wikist */,
				847BD47D29695BFE008D48B1 /* WidgetExtension iOS */,
				847BD4DC2969C6A8008D48B1 /* WidgetExtension macOS */,
				847BD4BB2969B84A008D48B1 /* WidgetConfiguration iOS */,
				847BD4F82969C786008D48B1 /* WidgetConfiguration macOS */,
			);
		};
/* End PBXProject section */

/* Begin PBXResourcesBuildPhase section */
		847BD47C29695BFE008D48B1 /* Resources */ = {
			isa = PBXResourcesBuildPhase;
			buildActionMask = 2147483647;
			files = (
				847BD49729695C66008D48B1 /* Assets.xcassets in Resources */,
				847BD4A72969679A008D48B1 /* Localizable.strings in Resources */,
				8466A5712973EB4900CD0A1A /* Widget.strings in Resources */,
			);
			runOnlyForDeploymentPostprocessing = 0;
		};
		847BD4BA2969B84A008D48B1 /* Resources */ = {
			isa = PBXResourcesBuildPhase;
			buildActionMask = 2147483647;
			files = (
				8466A5732973EB4900CD0A1A /* Widget.strings in Resources */,
			);
			runOnlyForDeploymentPostprocessing = 0;
		};
		847BD4DB2969C6A8008D48B1 /* Resources */ = {
			isa = PBXResourcesBuildPhase;
			buildActionMask = 2147483647;
			files = (
				8466A5722973EB4900CD0A1A /* Widget.strings in Resources */,
				847BD51E2969C8C6008D48B1 /* Localizable.strings in Resources */,
			);
			runOnlyForDeploymentPostprocessing = 0;
		};
		847BD4F72969C786008D48B1 /* Resources */ = {
			isa = PBXResourcesBuildPhase;
			buildActionMask = 2147483647;
			files = (
				8466A5742973EB4900CD0A1A /* Widget.strings in Resources */,
			);
			runOnlyForDeploymentPostprocessing = 0;
		};
		84FEFD4C285F539000BCC3AD /* Resources */ = {
			isa = PBXResourcesBuildPhase;
			buildActionMask = 2147483647;
			files = (
				84FEFD5F285F539200BCC3AD /* Preview Assets.xcassets in Resources */,
				84F4A6782961E539001809EC /* Localizable.strings in Resources */,
				8466A5702973EB4900CD0A1A /* Widget.strings in Resources */,
				84FEFD5B285F539200BCC3AD /* Assets.xcassets in Resources */,
				8466A54F2971BB2300CD0A1A /* AlternateAppIcons.xcassets in Resources */,
				8466A5542973E93500CD0A1A /* InfoPlist.strings in Resources */,
			);
			runOnlyForDeploymentPostprocessing = 0;
		};
/* End PBXResourcesBuildPhase section */

/* Begin PBXSourcesBuildPhase section */
		847BD47A29695BFE008D48B1 /* Sources */ = {
			isa = PBXSourcesBuildPhase;
			buildActionMask = 2147483647;
			files = (
				847BD48529695BFE008D48B1 /* WikistWidgetBundle.swift in Sources */,
				847BD4A329695E3D008D48B1 /* Wiki+Request.swift in Sources */,
				8466A5652973EA9300CD0A1A /* Widget.intentdefinition in Sources */,
				847BD4A529696084008D48B1 /* ContributionsMatrix.swift in Sources */,
				847BD4A929697227008D48B1 /* FileManager.swift in Sources */,
				847BD4B329697884008D48B1 /* WikiAuxiliary+Initializer.swift in Sources */,
				847BD4AC296977DB008D48B1 /* URLResponse.swift in Sources */,
				847BD48729695BFE008D48B1 /* ContributionsMatrixWidget.swift in Sources */,
				847BD4AE29697823008D48B1 /* Modifiers.swift in Sources */,
				847BD4A129695E02008D48B1 /* Wikist.xcdatamodeld in Sources */,
				847BD49B29695DD9008D48B1 /* PersistentContainer.swift in Sources */,
				847BD4B12969785D008D48B1 /* WikiNamespace.swift in Sources */,
				847BD4AD296977ED008D48B1 /* URL.swift in Sources */,
				847BD49A29695DD0008D48B1 /* Persistence.swift in Sources */,
				847BD4B42969B74E008D48B1 /* WikiAuxiliary+Derived.swift in Sources */,
				847BD49E29695DEA008D48B1 /* User+Task.swift in Sources */,
				847BD4D82969BD2B008D48B1 /* Image.swift in Sources */,
				847BD4B029697854008D48B1 /* Wiki+Derived.swift in Sources */,
				847BD4A229695E3A008D48B1 /* Wiki+Task.swift in Sources */,
				847BD4A62969653F008D48B1 /* User+Derived.swift in Sources */,
				847BD4A429696082008D48B1 /* ContributionsCell.swift in Sources */,
				847BD4A829696BEC008D48B1 /* ISO8601DateFormatter.swift in Sources */,
				847BD4AF2969783E008D48B1 /* Calendar.swift in Sources */,
			);
			runOnlyForDeploymentPostprocessing = 0;
		};
		847BD4B82969B84A008D48B1 /* Sources */ = {
			isa = PBXSourcesBuildPhase;
			buildActionMask = 2147483647;
			files = (
				847BD4CD2969B8FD008D48B1 /* Persistence.swift in Sources */,
				847BD4CE2969B90A008D48B1 /* PersistentContainer.swift in Sources */,
				8466A5672973EA9300CD0A1A /* Widget.intentdefinition in Sources */,
				847BD4CF2969B910008D48B1 /* FileManager.swift in Sources */,
				847BD4C12969B84B008D48B1 /* IntentHandler.swift in Sources */,
				847BD4CC2969B8FA008D48B1 /* Wikist.xcdatamodeld in Sources */,
			);
			runOnlyForDeploymentPostprocessing = 0;
		};
		847BD4D92969C6A8008D48B1 /* Sources */ = {
			isa = PBXSourcesBuildPhase;
			buildActionMask = 2147483647;
			files = (
				847BD5122969C89A008D48B1 /* WikiAuxiliary+Derived.swift in Sources */,
				847BD51C2969C8BD008D48B1 /* URLResponse.swift in Sources */,
				8466A5662973EA9300CD0A1A /* Widget.intentdefinition in Sources */,
				847BD5202969C8D9008D48B1 /* ContributionsMatrix.swift in Sources */,
				847BD4F22969C74F008D48B1 /* ContributionsMatrixWidget.swift in Sources */,
				847BD5142969C89F008D48B1 /* WikiNamespace.swift in Sources */,
				847BD5082969C857008D48B1 /* Persistence.swift in Sources */,
				847BD51A2969C8B2008D48B1 /* ISO8601DateFormatter.swift in Sources */,
				847BD5172969C8AD008D48B1 /* Calendar.swift in Sources */,
				847BD5152969C8A3008D48B1 /* Wikist.xcdatamodeld in Sources */,
				847BD50A2969C85D008D48B1 /* PersistentContainer.swift in Sources */,
				847BD51D2969C8C2008D48B1 /* Image.swift in Sources */,
				847BD5182969C8AF008D48B1 /* FileManager.swift in Sources */,
				847BD5132969C89D008D48B1 /* WikiAuxiliary+Initializer.swift in Sources */,
				847BD5212969C8E6008D48B1 /* Modifiers.swift in Sources */,
				847BD51B2969C8B7008D48B1 /* URL.swift in Sources */,
				847BD50C2969C868008D48B1 /* User+Derived.swift in Sources */,
				847BD51F2969C8D7008D48B1 /* ContributionsCell.swift in Sources */,
				847BD50E2969C87D008D48B1 /* User+Task.swift in Sources */,
				847BD4F32969C752008D48B1 /* WikistWidgetBundle.swift in Sources */,
				847BD50F2969C884008D48B1 /* Wiki+Derived.swift in Sources */,
				847BD5112969C897008D48B1 /* Wiki+Task.swift in Sources */,
				847BD5102969C891008D48B1 /* Wiki+Request.swift in Sources */,
			);
			runOnlyForDeploymentPostprocessing = 0;
		};
		847BD4F52969C786008D48B1 /* Sources */ = {
			isa = PBXSourcesBuildPhase;
			buildActionMask = 2147483647;
			files = (
				847BD50B2969C85D008D48B1 /* PersistentContainer.swift in Sources */,
				847BD5092969C858008D48B1 /* Persistence.swift in Sources */,
				8466A5682973EA9300CD0A1A /* Widget.intentdefinition in Sources */,
				847BD5062969C7ED008D48B1 /* IntentHandler.swift in Sources */,
				847BD5192969C8AF008D48B1 /* FileManager.swift in Sources */,
				847BD5162969C8A3008D48B1 /* Wikist.xcdatamodeld in Sources */,
			);
			runOnlyForDeploymentPostprocessing = 0;
		};
		84FEFD4A285F539000BCC3AD /* Sources */ = {
			isa = PBXSourcesBuildPhase;
			buildActionMask = 2147483647;
			files = (
				84038A772931FBC00021A51D /* MonospacedIconOnlyLabelStyle.swift in Sources */,
				84304A2A28844CB200018ABD /* EqualWidthHStack.swift in Sources */,
				84038A8529327EF10021A51D /* StatisticsGrid.swift in Sources */,
				84F854F929475D2D00937873 /* Contribution+Derived.swift in Sources */,
				84F4A6832962C68C001809EC /* ContributionsByNamespaceChart.swift in Sources */,
				84F22A5A2974366300EB1832 /* UserDefaults.swift in Sources */,
				84B61502293E36BC006D65FC /* Legacy.xcdatamodeld in Sources */,
				847F471B2881D6B500705500 /* ContributionsByHourChart.swift in Sources */,
				84F50EFD28702CFE000BCC10 /* Wiki+Task.swift in Sources */,
				84038A792931FD410021A51D /* SimpleChip.swift in Sources */,
				84B61504293E3773006D65FC /* Persistence+Migrate.swift in Sources */,
				8466A5642973EA9300CD0A1A /* Widget.intentdefinition in Sources */,
				846F7EAC287AD45E0087E40B /* BriefCard.swift in Sources */,
				84F854FD294A1C0E00937873 /* Bundle+Version.swift in Sources */,
				84779FDB2943B06F00424B97 /* SettingsView.swift in Sources */,
				84038A7D29321CBB0021A51D /* Wiki+Derived.swift in Sources */,
				846F7E9D287899C30087E40B /* ISO8601DateFormatter.swift in Sources */,
				847F47162880610A00705500 /* Calendar.swift in Sources */,
				84FEFD52285F539000BCC3AD /* WikistApp.swift in Sources */,
				84F4A6812962C094001809EC /* WikiAuxiliary+Derived.swift in Sources */,
				847BD4D12969B95B008D48B1 /* Persistence+Task.swift in Sources */,
				84FEFD54285F539000BCC3AD /* Persistence.swift in Sources */,
				84FEFD59285F539000BCC3AD /* ContentView.swift in Sources */,
				846F7EA12879AF4D0087E40B /* PersistenceEnvironmentKey.swift in Sources */,
				8409A4CA292BA98B00056467 /* UserListView.swift in Sources */,
				849F98AF288BBE3D0006CC7D /* SettingsView.swift in Sources */,
				847BD4D72969BD2B008D48B1 /* Image.swift in Sources */,
				8409A4CF292CF4DD00056467 /* WikiListView.swift in Sources */,
				84FEFD57285F539000BCC3AD /* Wikist.xcdatamodeld in Sources */,
				84779FDD294460DC00424B97 /* ModificationSizeChart.swift in Sources */,
				84038A752931F60B0021A51D /* ChipModifier.swift in Sources */,
				8409A4D3292FCD3700056467 /* WikiDetailsView.swift in Sources */,
				84ED9C80287044650089221F /* URLResponse.swift in Sources */,
				84038A732931ED080021A51D /* MonospacedIconAndTitleLabelStyle.swift in Sources */,
				84038A8129325C1F0021A51D /* User+Derived.swift in Sources */,
				847BD4D42969B9F3008D48B1 /* Persistence+Preview.swift in Sources */,
				84038A7129312E220021A51D /* CardModifier.swift in Sources */,
				84304A28288430FD00018ABD /* OnboardingView.swift in Sources */,
				84038A7F2932586C0021A51D /* UserDetailsView.swift in Sources */,
				8466A55129727A4500CD0A1A /* AppIconSelector.swift in Sources */,
				84F4F2942871373C0091461D /* User+Task.swift in Sources */,
				84779FD829434E5E00424B97 /* PersistentContainer.swift in Sources */,
				84D7DFF52871FE9D00F0D1E9 /* Wiki+Initializer.swift in Sources */,
				84AB6D9E29344F2900179266 /* StatisticsChart.swift in Sources */,
				846F7E972878700A0087E40B /* ContributionsCell.swift in Sources */,
				84F4F29A2871A20C0091461D /* AddUserView.swift in Sources */,
				84ED9C7E2870437B0089221F /* URL.swift in Sources */,
				84304A2E288465F800018ABD /* ThemedButton.swift in Sources */,
				846F7E9928787D4C0087E40B /* User+Request.swift in Sources */,
				846F7EAA287ACBD80087E40B /* Modifiers.swift in Sources */,
				84D0DFE6293F9C7E007ACF8F /* DataView.swift in Sources */,
				84F4A67F2962A5E4001809EC /* WikiNamespace.swift in Sources */,
				84F854FF294AA5B000937873 /* AboutSection.swift in Sources */,
				84038A7B293202100021A51D /* FlexHStack.swift in Sources */,
				84ED9C8228707C200089221F /* FileManager.swift in Sources */,
				846F7EA6287AC48A0087E40B /* ContributionsMatrix.swift in Sources */,
				8409A4D82930E97A00056467 /* TitleUnderIconLabelStyle.swift in Sources */,
				8409A4D1292CFB7C00056467 /* AddWikiView.swift in Sources */,
				84D7DFF728731D7600F0D1E9 /* User+Initializer.swift in Sources */,
				846F7EA3287A80E70087E40B /* Wiki+Request.swift in Sources */,
				8409A4CC292BAA3400056467 /* UserBriefView.swift in Sources */,
				84F4A67D29627C58001809EC /* WikiAuxiliary+Initializer.swift in Sources */,
			);
			runOnlyForDeploymentPostprocessing = 0;
		};
/* End PBXSourcesBuildPhase section */

/* Begin PBXTargetDependency section */
		847BD48F29695BFF008D48B1 /* PBXTargetDependency */ = {
			isa = PBXTargetDependency;
			platformFilter = ios;
			target = 847BD47D29695BFE008D48B1 /* WidgetExtension iOS */;
			targetProxy = 847BD48E29695BFF008D48B1 /* PBXContainerItemProxy */;
		};
		847BD4C42969B84B008D48B1 /* PBXTargetDependency */ = {
			isa = PBXTargetDependency;
			platformFilter = ios;
			target = 847BD4BB2969B84A008D48B1 /* WidgetConfiguration iOS */;
			targetProxy = 847BD4C32969B84B008D48B1 /* PBXContainerItemProxy */;
		};
		847BD4EB2969C6A9008D48B1 /* PBXTargetDependency */ = {
			isa = PBXTargetDependency;
			platformFilters = (
				macos,
			);
			target = 847BD4DC2969C6A8008D48B1 /* WidgetExtension macOS */;
			targetProxy = 847BD4EA2969C6A9008D48B1 /* PBXContainerItemProxy */;
		};
		847BD5012969C786008D48B1 /* PBXTargetDependency */ = {
			isa = PBXTargetDependency;
			platformFilters = (
				macos,
			);
			target = 847BD4F82969C786008D48B1 /* WidgetConfiguration macOS */;
			targetProxy = 847BD5002969C786008D48B1 /* PBXContainerItemProxy */;
		};
/* End PBXTargetDependency section */

/* Begin PBXVariantGroup section */
		8466A5562973E93500CD0A1A /* InfoPlist.strings */ = {
			isa = PBXVariantGroup;
			children = (
				8466A5552973E93500CD0A1A /* en */,
				8466A5572973E93B00CD0A1A /* zh-Hans */,
			);
			name = InfoPlist.strings;
			sourceTree = "<group>";
		};
		8466A5762973EB4900CD0A1A /* Widget.strings */ = {
			isa = PBXVariantGroup;
			children = (
				8466A5752973EB4900CD0A1A /* en */,
				8466A5772973EB4C00CD0A1A /* zh-Hans */,
			);
			name = Widget.strings;
			sourceTree = "<group>";
		};
		84F4A67A2961E539001809EC /* Localizable.strings */ = {
			isa = PBXVariantGroup;
			children = (
				84F4A6792961E539001809EC /* en */,
				84F4A67B2961E5C1001809EC /* zh-Hans */,
			);
			name = Localizable.strings;
			sourceTree = "<group>";
		};
/* End PBXVariantGroup section */

/* Begin XCBuildConfiguration section */
		847BD49229695BFF008D48B1 /* Debug */ = {
			isa = XCBuildConfiguration;
			buildSettings = {
				ASSETCATALOG_COMPILER_GLOBAL_ACCENT_COLOR_NAME = AccentColor;
				ASSETCATALOG_COMPILER_WIDGET_BACKGROUND_COLOR_NAME = WidgetBackground;
				CLANG_CXX_LANGUAGE_STANDARD = "gnu++20";
				CODE_SIGN_ENTITLEMENTS = Widget/iOS/WidgetExtension.entitlements;
				CODE_SIGN_IDENTITY = "-";
				"CODE_SIGN_IDENTITY[sdk=iphoneos*]" = "Apple Development";
				"CODE_SIGN_IDENTITY[sdk=macosx*]" = "Apple Development";
				CODE_SIGN_STYLE = Automatic;
				CURRENT_PROJECT_VERSION = 81;
				DEVELOPMENT_TEAM = 4J48MW8HQS;
				GENERATE_INFOPLIST_FILE = YES;
				INFOPLIST_FILE = Widget/iOS/Info.plist;
				INFOPLIST_KEY_CFBundleDisplayName = Widget;
				INFOPLIST_KEY_NSHumanReadableCopyright = "";
				IPHONEOS_DEPLOYMENT_TARGET = 16.1;
				LD_RUNPATH_SEARCH_PATHS = (
					"$(inherited)",
					"@executable_path/Frameworks",
					"@executable_path/../../Frameworks",
				);
				MARKETING_VERSION = 1.0;
				PRODUCT_BUNDLE_IDENTIFIER = dev.lucka.Wikist.Widget;
				PRODUCT_NAME = "$(TARGET_NAME)";
				SDKROOT = iphoneos;
				SKIP_INSTALL = YES;
				SWIFT_EMIT_LOC_STRINGS = YES;
				SWIFT_VERSION = 5.0;
				TARGETED_DEVICE_FAMILY = "1,2";
			};
			name = Debug;
		};
		847BD49329695BFF008D48B1 /* Release */ = {
			isa = XCBuildConfiguration;
			buildSettings = {
				ASSETCATALOG_COMPILER_GLOBAL_ACCENT_COLOR_NAME = AccentColor;
				ASSETCATALOG_COMPILER_WIDGET_BACKGROUND_COLOR_NAME = WidgetBackground;
				CLANG_CXX_LANGUAGE_STANDARD = "gnu++20";
				CODE_SIGN_ENTITLEMENTS = Widget/iOS/WidgetExtension.entitlements;
				CODE_SIGN_IDENTITY = "-";
				"CODE_SIGN_IDENTITY[sdk=iphoneos*]" = "Apple Development";
				"CODE_SIGN_IDENTITY[sdk=macosx*]" = "Apple Development";
				CODE_SIGN_STYLE = Automatic;
				CURRENT_PROJECT_VERSION = 81;
				DEVELOPMENT_TEAM = 4J48MW8HQS;
				GENERATE_INFOPLIST_FILE = YES;
				INFOPLIST_FILE = Widget/iOS/Info.plist;
				INFOPLIST_KEY_CFBundleDisplayName = Widget;
				INFOPLIST_KEY_NSHumanReadableCopyright = "";
				IPHONEOS_DEPLOYMENT_TARGET = 16.1;
				LD_RUNPATH_SEARCH_PATHS = (
					"$(inherited)",
					"@executable_path/Frameworks",
					"@executable_path/../../Frameworks",
				);
				MARKETING_VERSION = 1.0;
				PRODUCT_BUNDLE_IDENTIFIER = dev.lucka.Wikist.Widget;
				PRODUCT_NAME = "$(TARGET_NAME)";
				SDKROOT = iphoneos;
				SKIP_INSTALL = YES;
				SWIFT_EMIT_LOC_STRINGS = YES;
				SWIFT_VERSION = 5.0;
				TARGETED_DEVICE_FAMILY = "1,2";
				VALIDATE_PRODUCT = YES;
			};
			name = Release;
		};
		847BD4C72969B84B008D48B1 /* Debug */ = {
			isa = XCBuildConfiguration;
			buildSettings = {
				CLANG_CXX_LANGUAGE_STANDARD = "gnu++20";
				CODE_SIGN_ENTITLEMENTS = Widget/Intents/iOS/WidgetConfiguration.entitlements;
				CODE_SIGN_IDENTITY = "-";
				"CODE_SIGN_IDENTITY[sdk=iphoneos*]" = "Apple Development";
				"CODE_SIGN_IDENTITY[sdk=macosx*]" = "Apple Development";
				CODE_SIGN_STYLE = Automatic;
				CURRENT_PROJECT_VERSION = 81;
				DEVELOPMENT_TEAM = 4J48MW8HQS;
				GENERATE_INFOPLIST_FILE = YES;
				INFOPLIST_FILE = Widget/Intents/iOS/Info.plist;
				INFOPLIST_KEY_CFBundleDisplayName = WidgetConfiguration;
				INFOPLIST_KEY_NSHumanReadableCopyright = "";
				IPHONEOS_DEPLOYMENT_TARGET = 16.1;
				LD_RUNPATH_SEARCH_PATHS = (
					"$(inherited)",
					"@executable_path/Frameworks",
					"@executable_path/../../Frameworks",
				);
				MARKETING_VERSION = 1.0;
				PRODUCT_BUNDLE_IDENTIFIER = dev.lucka.Wikist.WidgetConfiguration;
				PRODUCT_NAME = "$(TARGET_NAME)";
				SDKROOT = iphoneos;
				SKIP_INSTALL = YES;
				SWIFT_EMIT_LOC_STRINGS = YES;
				SWIFT_VERSION = 5.0;
				TARGETED_DEVICE_FAMILY = "1,2";
			};
			name = Debug;
		};
		847BD4C82969B84B008D48B1 /* Release */ = {
			isa = XCBuildConfiguration;
			buildSettings = {
				CLANG_CXX_LANGUAGE_STANDARD = "gnu++20";
				CODE_SIGN_ENTITLEMENTS = Widget/Intents/iOS/WidgetConfiguration.entitlements;
				CODE_SIGN_IDENTITY = "-";
				"CODE_SIGN_IDENTITY[sdk=iphoneos*]" = "Apple Development";
				"CODE_SIGN_IDENTITY[sdk=macosx*]" = "Apple Development";
				CODE_SIGN_STYLE = Automatic;
				CURRENT_PROJECT_VERSION = 81;
				DEVELOPMENT_TEAM = 4J48MW8HQS;
				GENERATE_INFOPLIST_FILE = YES;
				INFOPLIST_FILE = Widget/Intents/iOS/Info.plist;
				INFOPLIST_KEY_CFBundleDisplayName = WidgetConfiguration;
				INFOPLIST_KEY_NSHumanReadableCopyright = "";
				IPHONEOS_DEPLOYMENT_TARGET = 16.1;
				LD_RUNPATH_SEARCH_PATHS = (
					"$(inherited)",
					"@executable_path/Frameworks",
					"@executable_path/../../Frameworks",
				);
				MARKETING_VERSION = 1.0;
				PRODUCT_BUNDLE_IDENTIFIER = dev.lucka.Wikist.WidgetConfiguration;
				PRODUCT_NAME = "$(TARGET_NAME)";
				SDKROOT = iphoneos;
				SKIP_INSTALL = YES;
				SWIFT_EMIT_LOC_STRINGS = YES;
				SWIFT_VERSION = 5.0;
				TARGETED_DEVICE_FAMILY = "1,2";
				VALIDATE_PRODUCT = YES;
			};
			name = Release;
		};
		847BD4EE2969C6A9008D48B1 /* Debug */ = {
			isa = XCBuildConfiguration;
			buildSettings = {
				ASSETCATALOG_COMPILER_GLOBAL_ACCENT_COLOR_NAME = AccentColor;
				ASSETCATALOG_COMPILER_WIDGET_BACKGROUND_COLOR_NAME = WidgetBackground;
				CLANG_CXX_LANGUAGE_STANDARD = "gnu++20";
				CODE_SIGN_ENTITLEMENTS = Widget/macOS/Widget.entitlements;
				CODE_SIGN_IDENTITY = "-";
				"CODE_SIGN_IDENTITY[sdk=iphoneos*]" = "Apple Development";
				"CODE_SIGN_IDENTITY[sdk=macosx*]" = "Apple Development";
				CODE_SIGN_STYLE = Automatic;
				CURRENT_PROJECT_VERSION = 81;
				DEVELOPMENT_TEAM = 4J48MW8HQS;
				ENABLE_HARDENED_RUNTIME = YES;
				GENERATE_INFOPLIST_FILE = YES;
				INFOPLIST_FILE = Widget/macOS/Info.plist;
				INFOPLIST_KEY_CFBundleDisplayName = Widget;
				INFOPLIST_KEY_NSHumanReadableCopyright = "";
				LD_RUNPATH_SEARCH_PATHS = (
					"$(inherited)",
					"@executable_path/../Frameworks",
					"@executable_path/../../../../Frameworks",
				);
				MACOSX_DEPLOYMENT_TARGET = 13.0;
				MARKETING_VERSION = 1.0;
				PRODUCT_BUNDLE_IDENTIFIER = dev.lucka.Wikist.Widget;
				PRODUCT_NAME = "$(TARGET_NAME)";
				SDKROOT = macosx;
				SKIP_INSTALL = YES;
				SWIFT_EMIT_LOC_STRINGS = YES;
				SWIFT_VERSION = 5.0;
			};
			name = Debug;
		};
		847BD4EF2969C6A9008D48B1 /* Release */ = {
			isa = XCBuildConfiguration;
			buildSettings = {
				ASSETCATALOG_COMPILER_GLOBAL_ACCENT_COLOR_NAME = AccentColor;
				ASSETCATALOG_COMPILER_WIDGET_BACKGROUND_COLOR_NAME = WidgetBackground;
				CLANG_CXX_LANGUAGE_STANDARD = "gnu++20";
				CODE_SIGN_ENTITLEMENTS = Widget/macOS/Widget.entitlements;
				CODE_SIGN_IDENTITY = "-";
				"CODE_SIGN_IDENTITY[sdk=iphoneos*]" = "Apple Development";
				"CODE_SIGN_IDENTITY[sdk=macosx*]" = "Apple Development";
				CODE_SIGN_STYLE = Automatic;
				CURRENT_PROJECT_VERSION = 81;
				DEVELOPMENT_TEAM = 4J48MW8HQS;
				ENABLE_HARDENED_RUNTIME = YES;
				GENERATE_INFOPLIST_FILE = YES;
				INFOPLIST_FILE = Widget/macOS/Info.plist;
				INFOPLIST_KEY_CFBundleDisplayName = Widget;
				INFOPLIST_KEY_NSHumanReadableCopyright = "";
				LD_RUNPATH_SEARCH_PATHS = (
					"$(inherited)",
					"@executable_path/../Frameworks",
					"@executable_path/../../../../Frameworks",
				);
				MACOSX_DEPLOYMENT_TARGET = 13.0;
				MARKETING_VERSION = 1.0;
				PRODUCT_BUNDLE_IDENTIFIER = dev.lucka.Wikist.Widget;
				PRODUCT_NAME = "$(TARGET_NAME)";
				SDKROOT = macosx;
				SKIP_INSTALL = YES;
				SWIFT_EMIT_LOC_STRINGS = YES;
				SWIFT_VERSION = 5.0;
			};
			name = Release;
		};
		847BD5042969C786008D48B1 /* Debug */ = {
			isa = XCBuildConfiguration;
			buildSettings = {
				CLANG_CXX_LANGUAGE_STANDARD = "gnu++20";
				CODE_SIGN_ENTITLEMENTS = Widget/Intents/macOS/WidgetConfiguration.entitlements;
				CODE_SIGN_IDENTITY = "-";
				"CODE_SIGN_IDENTITY[sdk=iphoneos*]" = "Apple Development";
				"CODE_SIGN_IDENTITY[sdk=macosx*]" = "Apple Development";
				CODE_SIGN_STYLE = Automatic;
				CURRENT_PROJECT_VERSION = 81;
				DEVELOPMENT_TEAM = 4J48MW8HQS;
				ENABLE_HARDENED_RUNTIME = YES;
				GENERATE_INFOPLIST_FILE = YES;
				INFOPLIST_FILE = Widget/Intents/macOS/Info.plist;
				INFOPLIST_KEY_CFBundleDisplayName = WidgetConfiguration;
				INFOPLIST_KEY_NSHumanReadableCopyright = "";
				LD_RUNPATH_SEARCH_PATHS = (
					"$(inherited)",
					"@executable_path/../Frameworks",
					"@executable_path/../../../../Frameworks",
				);
				MACOSX_DEPLOYMENT_TARGET = 13.0;
				MARKETING_VERSION = 1.0;
				PRODUCT_BUNDLE_IDENTIFIER = dev.lucka.Wikist.WidgetConfiguration;
				PRODUCT_NAME = "$(TARGET_NAME)";
				SDKROOT = macosx;
				SKIP_INSTALL = YES;
				SWIFT_EMIT_LOC_STRINGS = YES;
				SWIFT_VERSION = 5.0;
			};
			name = Debug;
		};
		847BD5052969C786008D48B1 /* Release */ = {
			isa = XCBuildConfiguration;
			buildSettings = {
				CLANG_CXX_LANGUAGE_STANDARD = "gnu++20";
				CODE_SIGN_ENTITLEMENTS = Widget/Intents/macOS/WidgetConfiguration.entitlements;
				CODE_SIGN_IDENTITY = "-";
				"CODE_SIGN_IDENTITY[sdk=iphoneos*]" = "Apple Development";
				"CODE_SIGN_IDENTITY[sdk=macosx*]" = "Apple Development";
				CODE_SIGN_STYLE = Automatic;
				CURRENT_PROJECT_VERSION = 81;
				DEVELOPMENT_TEAM = 4J48MW8HQS;
				ENABLE_HARDENED_RUNTIME = YES;
				GENERATE_INFOPLIST_FILE = YES;
				INFOPLIST_FILE = Widget/Intents/macOS/Info.plist;
				INFOPLIST_KEY_CFBundleDisplayName = WidgetConfiguration;
				INFOPLIST_KEY_NSHumanReadableCopyright = "";
				LD_RUNPATH_SEARCH_PATHS = (
					"$(inherited)",
					"@executable_path/../Frameworks",
					"@executable_path/../../../../Frameworks",
				);
				MACOSX_DEPLOYMENT_TARGET = 13.0;
				MARKETING_VERSION = 1.0;
				PRODUCT_BUNDLE_IDENTIFIER = dev.lucka.Wikist.WidgetConfiguration;
				PRODUCT_NAME = "$(TARGET_NAME)";
				SDKROOT = macosx;
				SKIP_INSTALL = YES;
				SWIFT_EMIT_LOC_STRINGS = YES;
				SWIFT_VERSION = 5.0;
			};
			name = Release;
		};
		84FEFD60285F539200BCC3AD /* Debug */ = {
			isa = XCBuildConfiguration;
			buildSettings = {
				ALWAYS_SEARCH_USER_PATHS = NO;
				CLANG_ANALYZER_LOCALIZABILITY_NONLOCALIZED = YES;
				CLANG_ANALYZER_NONNULL = YES;
				CLANG_ANALYZER_NUMBER_OBJECT_CONVERSION = YES_AGGRESSIVE;
				CLANG_CXX_LANGUAGE_STANDARD = "gnu++17";
				CLANG_ENABLE_MODULES = YES;
				CLANG_ENABLE_OBJC_ARC = YES;
				CLANG_ENABLE_OBJC_WEAK = YES;
				CLANG_WARN_BLOCK_CAPTURE_AUTORELEASING = YES;
				CLANG_WARN_BOOL_CONVERSION = YES;
				CLANG_WARN_COMMA = YES;
				CLANG_WARN_CONSTANT_CONVERSION = YES;
				CLANG_WARN_DEPRECATED_OBJC_IMPLEMENTATIONS = YES;
				CLANG_WARN_DIRECT_OBJC_ISA_USAGE = YES_ERROR;
				CLANG_WARN_DOCUMENTATION_COMMENTS = YES;
				CLANG_WARN_EMPTY_BODY = YES;
				CLANG_WARN_ENUM_CONVERSION = YES;
				CLANG_WARN_INFINITE_RECURSION = YES;
				CLANG_WARN_INT_CONVERSION = YES;
				CLANG_WARN_NON_LITERAL_NULL_CONVERSION = YES;
				CLANG_WARN_OBJC_IMPLICIT_RETAIN_SELF = YES;
				CLANG_WARN_OBJC_LITERAL_CONVERSION = YES;
				CLANG_WARN_OBJC_ROOT_CLASS = YES_ERROR;
				CLANG_WARN_QUOTED_INCLUDE_IN_FRAMEWORK_HEADER = YES;
				CLANG_WARN_RANGE_LOOP_ANALYSIS = YES;
				CLANG_WARN_STRICT_PROTOTYPES = YES;
				CLANG_WARN_SUSPICIOUS_MOVE = YES;
				CLANG_WARN_UNGUARDED_AVAILABILITY = YES_AGGRESSIVE;
				CLANG_WARN_UNREACHABLE_CODE = YES;
				CLANG_WARN__DUPLICATE_METHOD_MATCH = YES;
				COPY_PHASE_STRIP = NO;
				DEAD_CODE_STRIPPING = YES;
				DEBUG_INFORMATION_FORMAT = dwarf;
				ENABLE_STRICT_OBJC_MSGSEND = YES;
				ENABLE_TESTABILITY = YES;
				GCC_C_LANGUAGE_STANDARD = gnu11;
				GCC_DYNAMIC_NO_PIC = NO;
				GCC_NO_COMMON_BLOCKS = YES;
				GCC_OPTIMIZATION_LEVEL = 0;
				GCC_PREPROCESSOR_DEFINITIONS = (
					"DEBUG=1",
					"$(inherited)",
				);
				GCC_WARN_64_TO_32_BIT_CONVERSION = YES;
				GCC_WARN_ABOUT_RETURN_TYPE = YES_ERROR;
				GCC_WARN_UNDECLARED_SELECTOR = YES;
				GCC_WARN_UNINITIALIZED_AUTOS = YES_AGGRESSIVE;
				GCC_WARN_UNUSED_FUNCTION = YES;
				GCC_WARN_UNUSED_VARIABLE = YES;
				MTL_ENABLE_DEBUG_INFO = INCLUDE_SOURCE;
				MTL_FAST_MATH = YES;
				ONLY_ACTIVE_ARCH = YES;
				SWIFT_ACTIVE_COMPILATION_CONDITIONS = DEBUG;
				SWIFT_OPTIMIZATION_LEVEL = "-Onone";
			};
			name = Debug;
		};
		84FEFD61285F539200BCC3AD /* Release */ = {
			isa = XCBuildConfiguration;
			buildSettings = {
				ALWAYS_SEARCH_USER_PATHS = NO;
				CLANG_ANALYZER_LOCALIZABILITY_NONLOCALIZED = YES;
				CLANG_ANALYZER_NONNULL = YES;
				CLANG_ANALYZER_NUMBER_OBJECT_CONVERSION = YES_AGGRESSIVE;
				CLANG_CXX_LANGUAGE_STANDARD = "gnu++17";
				CLANG_ENABLE_MODULES = YES;
				CLANG_ENABLE_OBJC_ARC = YES;
				CLANG_ENABLE_OBJC_WEAK = YES;
				CLANG_WARN_BLOCK_CAPTURE_AUTORELEASING = YES;
				CLANG_WARN_BOOL_CONVERSION = YES;
				CLANG_WARN_COMMA = YES;
				CLANG_WARN_CONSTANT_CONVERSION = YES;
				CLANG_WARN_DEPRECATED_OBJC_IMPLEMENTATIONS = YES;
				CLANG_WARN_DIRECT_OBJC_ISA_USAGE = YES_ERROR;
				CLANG_WARN_DOCUMENTATION_COMMENTS = YES;
				CLANG_WARN_EMPTY_BODY = YES;
				CLANG_WARN_ENUM_CONVERSION = YES;
				CLANG_WARN_INFINITE_RECURSION = YES;
				CLANG_WARN_INT_CONVERSION = YES;
				CLANG_WARN_NON_LITERAL_NULL_CONVERSION = YES;
				CLANG_WARN_OBJC_IMPLICIT_RETAIN_SELF = YES;
				CLANG_WARN_OBJC_LITERAL_CONVERSION = YES;
				CLANG_WARN_OBJC_ROOT_CLASS = YES_ERROR;
				CLANG_WARN_QUOTED_INCLUDE_IN_FRAMEWORK_HEADER = YES;
				CLANG_WARN_RANGE_LOOP_ANALYSIS = YES;
				CLANG_WARN_STRICT_PROTOTYPES = YES;
				CLANG_WARN_SUSPICIOUS_MOVE = YES;
				CLANG_WARN_UNGUARDED_AVAILABILITY = YES_AGGRESSIVE;
				CLANG_WARN_UNREACHABLE_CODE = YES;
				CLANG_WARN__DUPLICATE_METHOD_MATCH = YES;
				COPY_PHASE_STRIP = NO;
				DEAD_CODE_STRIPPING = YES;
				DEBUG_INFORMATION_FORMAT = "dwarf-with-dsym";
				ENABLE_NS_ASSERTIONS = NO;
				ENABLE_STRICT_OBJC_MSGSEND = YES;
				GCC_C_LANGUAGE_STANDARD = gnu11;
				GCC_NO_COMMON_BLOCKS = YES;
				GCC_WARN_64_TO_32_BIT_CONVERSION = YES;
				GCC_WARN_ABOUT_RETURN_TYPE = YES_ERROR;
				GCC_WARN_UNDECLARED_SELECTOR = YES;
				GCC_WARN_UNINITIALIZED_AUTOS = YES_AGGRESSIVE;
				GCC_WARN_UNUSED_FUNCTION = YES;
				GCC_WARN_UNUSED_VARIABLE = YES;
				MTL_ENABLE_DEBUG_INFO = NO;
				MTL_FAST_MATH = YES;
				SWIFT_COMPILATION_MODE = wholemodule;
				SWIFT_OPTIMIZATION_LEVEL = "-O";
			};
			name = Release;
		};
		84FEFD63285F539200BCC3AD /* Debug */ = {
			isa = XCBuildConfiguration;
			buildSettings = {
				ALWAYS_EMBED_SWIFT_STANDARD_LIBRARIES = YES;
				ASSETCATALOG_COMPILER_APPICON_NAME = AppIcon;
				ASSETCATALOG_COMPILER_GLOBAL_ACCENT_COLOR_NAME = AccentColor;
				ASSETCATALOG_COMPILER_INCLUDE_ALL_APPICON_ASSETS = YES;
				CODE_SIGN_ENTITLEMENTS = macOS/Wikist.entitlements;
				CODE_SIGN_IDENTITY = "-";
				"CODE_SIGN_IDENTITY[sdk=iphoneos*]" = "Apple Development";
				"CODE_SIGN_IDENTITY[sdk=macosx*]" = "Apple Development";
				CODE_SIGN_STYLE = Automatic;
				CURRENT_PROJECT_VERSION = 81;
				DEAD_CODE_STRIPPING = YES;
				DEVELOPMENT_ASSET_PATHS = "\"Shared/Preview Content\"";
				DEVELOPMENT_TEAM = 4J48MW8HQS;
				ENABLE_HARDENED_RUNTIME = YES;
				ENABLE_PREVIEWS = YES;
				GENERATE_INFOPLIST_FILE = YES;
				INFOPLIST_FILE = "Wikist-Info.plist";
				INFOPLIST_KEY_CFBundleDisplayName = Wikist;
				INFOPLIST_KEY_LSApplicationCategoryType = "public.app-category.lifestyle";
				"INFOPLIST_KEY_UILaunchScreen_Generation[sdk=iphoneos*]" = YES;
				"INFOPLIST_KEY_UILaunchScreen_Generation[sdk=iphonesimulator*]" = YES;
				INFOPLIST_KEY_UISupportedInterfaceOrientations_iPad = "UIInterfaceOrientationPortrait UIInterfaceOrientationPortraitUpsideDown UIInterfaceOrientationLandscapeLeft UIInterfaceOrientationLandscapeRight";
				INFOPLIST_KEY_UISupportedInterfaceOrientations_iPhone = "UIInterfaceOrientationPortrait UIInterfaceOrientationLandscapeLeft UIInterfaceOrientationLandscapeRight";
				IPHONEOS_DEPLOYMENT_TARGET = 16.1;
				LD_RUNPATH_SEARCH_PATHS = "@executable_path/Frameworks";
				"LD_RUNPATH_SEARCH_PATHS[sdk=macosx*]" = "@executable_path/../Frameworks";
				MACOSX_DEPLOYMENT_TARGET = 13.0;
				MARKETING_VERSION = 3.0.0;
				PRODUCT_BUNDLE_IDENTIFIER = dev.lucka.Wikist;
				PRODUCT_NAME = "$(TARGET_NAME)";
				SDKROOT = auto;
				SUPPORTED_PLATFORMS = "iphoneos iphonesimulator macosx";
				SWIFT_EMIT_LOC_STRINGS = YES;
				SWIFT_VERSION = 5.0;
				TARGETED_DEVICE_FAMILY = "1,2";
			};
			name = Debug;
		};
		84FEFD64285F539200BCC3AD /* Release */ = {
			isa = XCBuildConfiguration;
			buildSettings = {
				ALWAYS_EMBED_SWIFT_STANDARD_LIBRARIES = YES;
				ASSETCATALOG_COMPILER_APPICON_NAME = AppIcon;
				ASSETCATALOG_COMPILER_GLOBAL_ACCENT_COLOR_NAME = AccentColor;
				ASSETCATALOG_COMPILER_INCLUDE_ALL_APPICON_ASSETS = YES;
				CODE_SIGN_ENTITLEMENTS = macOS/Wikist.entitlements;
				CODE_SIGN_IDENTITY = "-";
				"CODE_SIGN_IDENTITY[sdk=iphoneos*]" = "Apple Development";
				"CODE_SIGN_IDENTITY[sdk=macosx*]" = "Apple Development";
				CODE_SIGN_STYLE = Automatic;
				CURRENT_PROJECT_VERSION = 81;
				DEAD_CODE_STRIPPING = YES;
				DEVELOPMENT_ASSET_PATHS = "\"Shared/Preview Content\"";
				DEVELOPMENT_TEAM = 4J48MW8HQS;
				ENABLE_HARDENED_RUNTIME = YES;
				ENABLE_PREVIEWS = YES;
				GENERATE_INFOPLIST_FILE = YES;
				INFOPLIST_FILE = "Wikist-Info.plist";
				INFOPLIST_KEY_CFBundleDisplayName = Wikist;
				INFOPLIST_KEY_LSApplicationCategoryType = "public.app-category.lifestyle";
				"INFOPLIST_KEY_UILaunchScreen_Generation[sdk=iphoneos*]" = YES;
				"INFOPLIST_KEY_UILaunchScreen_Generation[sdk=iphonesimulator*]" = YES;
				INFOPLIST_KEY_UISupportedInterfaceOrientations_iPad = "UIInterfaceOrientationPortrait UIInterfaceOrientationPortraitUpsideDown UIInterfaceOrientationLandscapeLeft UIInterfaceOrientationLandscapeRight";
				INFOPLIST_KEY_UISupportedInterfaceOrientations_iPhone = "UIInterfaceOrientationPortrait UIInterfaceOrientationLandscapeLeft UIInterfaceOrientationLandscapeRight";
				IPHONEOS_DEPLOYMENT_TARGET = 16.1;
				LD_RUNPATH_SEARCH_PATHS = "@executable_path/Frameworks";
				"LD_RUNPATH_SEARCH_PATHS[sdk=macosx*]" = "@executable_path/../Frameworks";
				MACOSX_DEPLOYMENT_TARGET = 13.0;
				MARKETING_VERSION = 3.0.0;
				PRODUCT_BUNDLE_IDENTIFIER = dev.lucka.Wikist;
				PRODUCT_NAME = "$(TARGET_NAME)";
				SDKROOT = auto;
				SUPPORTED_PLATFORMS = "iphoneos iphonesimulator macosx";
				SWIFT_EMIT_LOC_STRINGS = YES;
				SWIFT_VERSION = 5.0;
				TARGETED_DEVICE_FAMILY = "1,2";
			};
			name = Release;
		};
/* End XCBuildConfiguration section */

/* Begin XCConfigurationList section */
		847BD49129695BFF008D48B1 /* Build configuration list for PBXNativeTarget "WidgetExtension iOS" */ = {
			isa = XCConfigurationList;
			buildConfigurations = (
				847BD49229695BFF008D48B1 /* Debug */,
				847BD49329695BFF008D48B1 /* Release */,
			);
			defaultConfigurationIsVisible = 0;
			defaultConfigurationName = Release;
		};
		847BD4C62969B84B008D48B1 /* Build configuration list for PBXNativeTarget "WidgetConfiguration iOS" */ = {
			isa = XCConfigurationList;
			buildConfigurations = (
				847BD4C72969B84B008D48B1 /* Debug */,
				847BD4C82969B84B008D48B1 /* Release */,
			);
			defaultConfigurationIsVisible = 0;
			defaultConfigurationName = Release;
		};
		847BD4ED2969C6A9008D48B1 /* Build configuration list for PBXNativeTarget "WidgetExtension macOS" */ = {
			isa = XCConfigurationList;
			buildConfigurations = (
				847BD4EE2969C6A9008D48B1 /* Debug */,
				847BD4EF2969C6A9008D48B1 /* Release */,
			);
			defaultConfigurationIsVisible = 0;
			defaultConfigurationName = Release;
		};
		847BD5032969C786008D48B1 /* Build configuration list for PBXNativeTarget "WidgetConfiguration macOS" */ = {
			isa = XCConfigurationList;
			buildConfigurations = (
				847BD5042969C786008D48B1 /* Debug */,
				847BD5052969C786008D48B1 /* Release */,
			);
			defaultConfigurationIsVisible = 0;
			defaultConfigurationName = Release;
		};
		84FEFD49285F539000BCC3AD /* Build configuration list for PBXProject "Wikist" */ = {
			isa = XCConfigurationList;
			buildConfigurations = (
				84FEFD60285F539200BCC3AD /* Debug */,
				84FEFD61285F539200BCC3AD /* Release */,
			);
			defaultConfigurationIsVisible = 0;
			defaultConfigurationName = Release;
		};
		84FEFD62285F539200BCC3AD /* Build configuration list for PBXNativeTarget "Wikist" */ = {
			isa = XCConfigurationList;
			buildConfigurations = (
				84FEFD63285F539200BCC3AD /* Debug */,
				84FEFD64285F539200BCC3AD /* Release */,
			);
			defaultConfigurationIsVisible = 0;
			defaultConfigurationName = Release;
		};
/* End XCConfigurationList section */

/* Begin XCVersionGroup section */
		84B61500293E36BC006D65FC /* Legacy.xcdatamodeld */ = {
			isa = XCVersionGroup;
			children = (
				84B61501293E36BC006D65FC /* Legacy.xcdatamodel */,
			);
			currentVersion = 84B61501293E36BC006D65FC /* Legacy.xcdatamodel */;
			path = Legacy.xcdatamodeld;
			sourceTree = "<group>";
			versionGroupType = wrapper.xcdatamodel;
		};
		84FEFD55285F539000BCC3AD /* Wikist.xcdatamodeld */ = {
			isa = XCVersionGroup;
			children = (
				84FEFD56285F539000BCC3AD /* Wikist.xcdatamodel */,
			);
			currentVersion = 84FEFD56285F539000BCC3AD /* Wikist.xcdatamodel */;
			path = Wikist.xcdatamodeld;
			sourceTree = "<group>";
			versionGroupType = wrapper.xcdatamodel;
		};
/* End XCVersionGroup section */
	};
	rootObject = 84FEFD46285F539000BCC3AD /* Project object */;
}
